// !$*UTF8*$!
{
	archiveVersion = 1;
	classes = {
	};
	objectVersion = 56;
	objects = {

/* Begin PBXBuildFile section */
		F2A1FA422B5F94E300149262 /* LionSpell2App.swift in Sources */ = {isa = PBXBuildFile; fileRef = F2A1FA412B5F94E300149262 /* LionSpell2App.swift */; };
		F2A1FA442B5F94E300149262 /* ContentView.swift in Sources */ = {isa = PBXBuildFile; fileRef = F2A1FA432B5F94E300149262 /* ContentView.swift */; };
		F2A1FA462B5F94E500149262 /* Assets.xcassets in Resources */ = {isa = PBXBuildFile; fileRef = F2A1FA452B5F94E500149262 /* Assets.xcassets */; };
		F2A1FA492B5F94E500149262 /* Preview Assets.xcassets in Resources */ = {isa = PBXBuildFile; fileRef = F2A1FA482B5F94E500149262 /* Preview Assets.xcassets */; };
		F2A1FA532B5F94E500149262 /* LionSpell2Tests.swift in Sources */ = {isa = PBXBuildFile; fileRef = F2A1FA522B5F94E500149262 /* LionSpell2Tests.swift */; };
		F2A1FA5D2B5F94E500149262 /* LionSpell2UITests.swift in Sources */ = {isa = PBXBuildFile; fileRef = F2A1FA5C2B5F94E500149262 /* LionSpell2UITests.swift */; };
		F2A1FA5F2B5F94E500149262 /* LionSpell2UITestsLaunchTests.swift in Sources */ = {isa = PBXBuildFile; fileRef = F2A1FA5E2B5F94E500149262 /* LionSpell2UITestsLaunchTests.swift */; };
		F2A1FA6C2B5FAD8800149262 /* GameManager.swift in Sources */ = {isa = PBXBuildFile; fileRef = F2A1FA6B2B5FAD8800149262 /* GameManager.swift */; };
		F2A1FA6E2B5FB75100149262 /* Words.swift in Sources */ = {isa = PBXBuildFile; fileRef = F2A1FA6D2B5FB75100149262 /* Words.swift */; };
		F2A1FA722B6008DF00149262 /* PointsView.swift in Sources */ = {isa = PBXBuildFile; fileRef = F2A1FA712B6008DF00149262 /* PointsView.swift */; };
		F2A1FA742B60093800149262 /* DiscoveredWordsView.swift in Sources */ = {isa = PBXBuildFile; fileRef = F2A1FA732B60093800149262 /* DiscoveredWordsView.swift */; };
		F2A1FA762B60095900149262 /* CurrentWordView.swift in Sources */ = {isa = PBXBuildFile; fileRef = F2A1FA752B60095900149262 /* CurrentWordView.swift */; };
		F2A1FA782B600A0200149262 /* AlphabetButtonView.swift in Sources */ = {isa = PBXBuildFile; fileRef = F2A1FA772B600A0200149262 /* AlphabetButtonView.swift */; };
		F2A1FA7A2B600A2100149262 /* GameOptionsView.swift in Sources */ = {isa = PBXBuildFile; fileRef = F2A1FA792B600A2100149262 /* GameOptionsView.swift */; };
		F2A1FA7C2B600AD100149262 /* ActionButtonsView.swift in Sources */ = {isa = PBXBuildFile; fileRef = F2A1FA7B2B600AD100149262 /* ActionButtonsView.swift */; };
		F2A1FA7E2B600B3100149262 /* TopHeaderView.swift in Sources */ = {isa = PBXBuildFile; fileRef = F2A1FA7D2B600B3100149262 /* TopHeaderView.swift */; };
		F2A1FA812B600FA300149262 /* Colors.swift in Sources */ = {isa = PBXBuildFile; fileRef = F2A1FA802B600FA300149262 /* Colors.swift */; };
		F2A1FA852B601BD900149262 /* Scramble.swift in Sources */ = {isa = PBXBuildFile; fileRef = F2A1FA842B601BD900149262 /* Scramble.swift */; };
/* End PBXBuildFile section */

/* Begin PBXContainerItemProxy section */
		F2A1FA4F2B5F94E500149262 /* PBXContainerItemProxy */ = {
			isa = PBXContainerItemProxy;
			containerPortal = F2A1FA362B5F94E300149262 /* Project object */;
			proxyType = 1;
			remoteGlobalIDString = F2A1FA3D2B5F94E300149262;
			remoteInfo = LionSpell2;
		};
		F2A1FA592B5F94E500149262 /* PBXContainerItemProxy */ = {
			isa = PBXContainerItemProxy;
			containerPortal = F2A1FA362B5F94E300149262 /* Project object */;
			proxyType = 1;
			remoteGlobalIDString = F2A1FA3D2B5F94E300149262;
			remoteInfo = LionSpell2;
		};
/* End PBXContainerItemProxy section */

/* Begin PBXFileReference section */
		F2A1FA3E2B5F94E300149262 /* LionSpell2.app */ = {isa = PBXFileReference; explicitFileType = wrapper.application; includeInIndex = 0; path = LionSpell2.app; sourceTree = BUILT_PRODUCTS_DIR; };
		F2A1FA412B5F94E300149262 /* LionSpell2App.swift */ = {isa = PBXFileReference; lastKnownFileType = sourcecode.swift; path = LionSpell2App.swift; sourceTree = "<group>"; };
		F2A1FA432B5F94E300149262 /* ContentView.swift */ = {isa = PBXFileReference; lastKnownFileType = sourcecode.swift; path = ContentView.swift; sourceTree = "<group>"; };
		F2A1FA452B5F94E500149262 /* Assets.xcassets */ = {isa = PBXFileReference; lastKnownFileType = folder.assetcatalog; path = Assets.xcassets; sourceTree = "<group>"; };
		F2A1FA482B5F94E500149262 /* Preview Assets.xcassets */ = {isa = PBXFileReference; lastKnownFileType = folder.assetcatalog; path = "Preview Assets.xcassets"; sourceTree = "<group>"; };
		F2A1FA4E2B5F94E500149262 /* LionSpell2Tests.xctest */ = {isa = PBXFileReference; explicitFileType = wrapper.cfbundle; includeInIndex = 0; path = LionSpell2Tests.xctest; sourceTree = BUILT_PRODUCTS_DIR; };
		F2A1FA522B5F94E500149262 /* LionSpell2Tests.swift */ = {isa = PBXFileReference; lastKnownFileType = sourcecode.swift; path = LionSpell2Tests.swift; sourceTree = "<group>"; };
		F2A1FA582B5F94E500149262 /* LionSpell2UITests.xctest */ = {isa = PBXFileReference; explicitFileType = wrapper.cfbundle; includeInIndex = 0; path = LionSpell2UITests.xctest; sourceTree = BUILT_PRODUCTS_DIR; };
		F2A1FA5C2B5F94E500149262 /* LionSpell2UITests.swift */ = {isa = PBXFileReference; lastKnownFileType = sourcecode.swift; path = LionSpell2UITests.swift; sourceTree = "<group>"; };
		F2A1FA5E2B5F94E500149262 /* LionSpell2UITestsLaunchTests.swift */ = {isa = PBXFileReference; lastKnownFileType = sourcecode.swift; path = LionSpell2UITestsLaunchTests.swift; sourceTree = "<group>"; };
		F2A1FA6B2B5FAD8800149262 /* GameManager.swift */ = {isa = PBXFileReference; lastKnownFileType = sourcecode.swift; path = GameManager.swift; sourceTree = "<group>"; };
		F2A1FA6D2B5FB75100149262 /* Words.swift */ = {isa = PBXFileReference; lastKnownFileType = sourcecode.swift; path = Words.swift; sourceTree = "<group>"; };
		F2A1FA712B6008DF00149262 /* PointsView.swift */ = {isa = PBXFileReference; lastKnownFileType = sourcecode.swift; path = PointsView.swift; sourceTree = "<group>"; };
		F2A1FA732B60093800149262 /* DiscoveredWordsView.swift */ = {isa = PBXFileReference; lastKnownFileType = sourcecode.swift; path = DiscoveredWordsView.swift; sourceTree = "<group>"; };
		F2A1FA752B60095900149262 /* CurrentWordView.swift */ = {isa = PBXFileReference; lastKnownFileType = sourcecode.swift; path = CurrentWordView.swift; sourceTree = "<group>"; };
		F2A1FA772B600A0200149262 /* AlphabetButtonView.swift */ = {isa = PBXFileReference; lastKnownFileType = sourcecode.swift; path = AlphabetButtonView.swift; sourceTree = "<group>"; };
		F2A1FA792B600A2100149262 /* GameOptionsView.swift */ = {isa = PBXFileReference; lastKnownFileType = sourcecode.swift; path = GameOptionsView.swift; sourceTree = "<group>"; };
		F2A1FA7B2B600AD100149262 /* ActionButtonsView.swift */ = {isa = PBXFileReference; lastKnownFileType = sourcecode.swift; path = ActionButtonsView.swift; sourceTree = "<group>"; };
		F2A1FA7D2B600B3100149262 /* TopHeaderView.swift */ = {isa = PBXFileReference; lastKnownFileType = sourcecode.swift; path = TopHeaderView.swift; sourceTree = "<group>"; };
		F2A1FA802B600FA300149262 /* Colors.swift */ = {isa = PBXFileReference; lastKnownFileType = sourcecode.swift; path = Colors.swift; sourceTree = "<group>"; };
		F2A1FA842B601BD900149262 /* Scramble.swift */ = {isa = PBXFileReference; lastKnownFileType = sourcecode.swift; path = Scramble.swift; sourceTree = "<group>"; };
/* End PBXFileReference section */

/* Begin PBXFrameworksBuildPhase section */
		F2A1FA3B2B5F94E300149262 /* Frameworks */ = {
			isa = PBXFrameworksBuildPhase;
			buildActionMask = 2147483647;
			files = (
			);
			runOnlyForDeploymentPostprocessing = 0;
		};
		F2A1FA4B2B5F94E500149262 /* Frameworks */ = {
			isa = PBXFrameworksBuildPhase;
			buildActionMask = 2147483647;
			files = (
			);
			runOnlyForDeploymentPostprocessing = 0;
		};
		F2A1FA552B5F94E500149262 /* Frameworks */ = {
			isa = PBXFrameworksBuildPhase;
			buildActionMask = 2147483647;
			files = (
			);
			runOnlyForDeploymentPostprocessing = 0;
		};
/* End PBXFrameworksBuildPhase section */

/* Begin PBXGroup section */
		F2A1FA352B5F94E300149262 = {
			isa = PBXGroup;
			children = (
				F2A1FA402B5F94E300149262 /* LionSpell2 */,
				F2A1FA5B2B5F94E500149262 /* LionSpell2UITests */,
				F2A1FA3F2B5F94E300149262 /* Products */,
			);
			sourceTree = "<group>";
		};
		F2A1FA3F2B5F94E300149262 /* Products */ = {
			isa = PBXGroup;
			children = (
				F2A1FA3E2B5F94E300149262 /* LionSpell2.app */,
				F2A1FA4E2B5F94E500149262 /* LionSpell2Tests.xctest */,
				F2A1FA582B5F94E500149262 /* LionSpell2UITests.xctest */,
			);
			name = Products;
			sourceTree = "<group>";
		};
		F2A1FA402B5F94E300149262 /* LionSpell2 */ = {
			isa = PBXGroup;
			children = (
				F2A1FA452B5F94E500149262 /* Assets.xcassets */,
				F2A1FA6B2B5FAD8800149262 /* GameManager.swift */,
				F2A1FA412B5F94E300149262 /* LionSpell2App.swift */,
				F2A1FA512B5F94E500149262 /* LionSpell2Tests */,
				F2A1FA472B5F94E500149262 /* Preview Content */,
				F2A1FA7F2B600B7D00149262 /* Views */,
				F2A1FA832B60177A00149262 /* ViewConstants */,
				F2A1FA842B601BD900149262 /* Scramble.swift */,
			);
			path = LionSpell2;
			sourceTree = "<group>";
		};
		F2A1FA472B5F94E500149262 /* Preview Content */ = {
			isa = PBXGroup;
			children = (
				F2A1FA482B5F94E500149262 /* Preview Assets.xcassets */,
			);
			path = "Preview Content";
			sourceTree = "<group>";
		};
		F2A1FA512B5F94E500149262 /* LionSpell2Tests */ = {
			isa = PBXGroup;
			children = (
				F2A1FA522B5F94E500149262 /* LionSpell2Tests.swift */,
			);
			path = LionSpell2Tests;
			sourceTree = "<group>";
		};
		F2A1FA5B2B5F94E500149262 /* LionSpell2UITests */ = {
			isa = PBXGroup;
			children = (
				F2A1FA5C2B5F94E500149262 /* LionSpell2UITests.swift */,
				F2A1FA5E2B5F94E500149262 /* LionSpell2UITestsLaunchTests.swift */,
			);
			path = LionSpell2UITests;
			sourceTree = "<group>";
		};
		F2A1FA7F2B600B7D00149262 /* Views */ = {
			isa = PBXGroup;
			children = (
				F2A1FA7B2B600AD100149262 /* ActionButtonsView.swift */,
				F2A1FA772B600A0200149262 /* AlphabetButtonView.swift */,
				F2A1FA432B5F94E300149262 /* ContentView.swift */,
				F2A1FA752B60095900149262 /* CurrentWordView.swift */,
				F2A1FA732B60093800149262 /* DiscoveredWordsView.swift */,
				F2A1FA792B600A2100149262 /* GameOptionsView.swift */,
				F2A1FA712B6008DF00149262 /* PointsView.swift */,
				F2A1FA7D2B600B3100149262 /* TopHeaderView.swift */,
			);
			path = Views;
			sourceTree = "<group>";
		};
		F2A1FA832B60177A00149262 /* ViewConstants */ = {
			isa = PBXGroup;
			children = (
				F2A1FA6D2B5FB75100149262 /* Words.swift */,
				F2A1FA802B600FA300149262 /* Colors.swift */,
			);
			path = ViewConstants;
			sourceTree = "<group>";
		};
/* End PBXGroup section */

/* Begin PBXNativeTarget section */
		F2A1FA3D2B5F94E300149262 /* LionSpell2 */ = {
			isa = PBXNativeTarget;
			buildConfigurationList = F2A1FA622B5F94E500149262 /* Build configuration list for PBXNativeTarget "LionSpell2" */;
			buildPhases = (
				F2A1FA3A2B5F94E300149262 /* Sources */,
				F2A1FA3B2B5F94E300149262 /* Frameworks */,
				F2A1FA3C2B5F94E300149262 /* Resources */,
			);
			buildRules = (
			);
			dependencies = (
			);
			name = LionSpell2;
			productName = LionSpell2;
			productReference = F2A1FA3E2B5F94E300149262 /* LionSpell2.app */;
			productType = "com.apple.product-type.application";
		};
		F2A1FA4D2B5F94E500149262 /* LionSpell2Tests */ = {
			isa = PBXNativeTarget;
			buildConfigurationList = F2A1FA652B5F94E500149262 /* Build configuration list for PBXNativeTarget "LionSpell2Tests" */;
			buildPhases = (
				F2A1FA4A2B5F94E500149262 /* Sources */,
				F2A1FA4B2B5F94E500149262 /* Frameworks */,
				F2A1FA4C2B5F94E500149262 /* Resources */,
			);
			buildRules = (
			);
			dependencies = (
				F2A1FA502B5F94E500149262 /* PBXTargetDependency */,
			);
			name = LionSpell2Tests;
			productName = LionSpell2Tests;
			productReference = F2A1FA4E2B5F94E500149262 /* LionSpell2Tests.xctest */;
			productType = "com.apple.product-type.bundle.unit-test";
		};
		F2A1FA572B5F94E500149262 /* LionSpell2UITests */ = {
			isa = PBXNativeTarget;
			buildConfigurationList = F2A1FA682B5F94E500149262 /* Build configuration list for PBXNativeTarget "LionSpell2UITests" */;
			buildPhases = (
				F2A1FA542B5F94E500149262 /* Sources */,
				F2A1FA552B5F94E500149262 /* Frameworks */,
				F2A1FA562B5F94E500149262 /* Resources */,
			);
			buildRules = (
			);
			dependencies = (
				F2A1FA5A2B5F94E500149262 /* PBXTargetDependency */,
			);
			name = LionSpell2UITests;
			productName = LionSpell2UITests;
			productReference = F2A1FA582B5F94E500149262 /* LionSpell2UITests.xctest */;
			productType = "com.apple.product-type.bundle.ui-testing";
		};
/* End PBXNativeTarget section */

/* Begin PBXProject section */
		F2A1FA362B5F94E300149262 /* Project object */ = {
			isa = PBXProject;
			attributes = {
				BuildIndependentTargetsInParallel = 1;
				LastSwiftUpdateCheck = 1520;
				LastUpgradeCheck = 1520;
				TargetAttributes = {
					F2A1FA3D2B5F94E300149262 = {
						CreatedOnToolsVersion = 15.2;
					};
					F2A1FA4D2B5F94E500149262 = {
						CreatedOnToolsVersion = 15.2;
						TestTargetID = F2A1FA3D2B5F94E300149262;
					};
					F2A1FA572B5F94E500149262 = {
						CreatedOnToolsVersion = 15.2;
						TestTargetID = F2A1FA3D2B5F94E300149262;
					};
				};
			};
			buildConfigurationList = F2A1FA392B5F94E300149262 /* Build configuration list for PBXProject "LionSpell2" */;
			compatibilityVersion = "Xcode 14.0";
			developmentRegion = en;
			hasScannedForEncodings = 0;
			knownRegions = (
				en,
				Base,
			);
			mainGroup = F2A1FA352B5F94E300149262;
			productRefGroup = F2A1FA3F2B5F94E300149262 /* Products */;
			projectDirPath = "";
			projectRoot = "";
			targets = (
				F2A1FA3D2B5F94E300149262 /* LionSpell2 */,
				F2A1FA4D2B5F94E500149262 /* LionSpell2Tests */,
				F2A1FA572B5F94E500149262 /* LionSpell2UITests */,
			);
		};
/* End PBXProject section */

/* Begin PBXResourcesBuildPhase section */
		F2A1FA3C2B5F94E300149262 /* Resources */ = {
			isa = PBXResourcesBuildPhase;
			buildActionMask = 2147483647;
			files = (
				F2A1FA492B5F94E500149262 /* Preview Assets.xcassets in Resources */,
				F2A1FA462B5F94E500149262 /* Assets.xcassets in Resources */,
			);
			runOnlyForDeploymentPostprocessing = 0;
		};
		F2A1FA4C2B5F94E500149262 /* Resources */ = {
			isa = PBXResourcesBuildPhase;
			buildActionMask = 2147483647;
			files = (
			);
			runOnlyForDeploymentPostprocessing = 0;
		};
		F2A1FA562B5F94E500149262 /* Resources */ = {
			isa = PBXResourcesBuildPhase;
			buildActionMask = 2147483647;
			files = (
			);
			runOnlyForDeploymentPostprocessing = 0;
		};
/* End PBXResourcesBuildPhase section */

/* Begin PBXSourcesBuildPhase section */
		F2A1FA3A2B5F94E300149262 /* Sources */ = {
			isa = PBXSourcesBuildPhase;
			buildActionMask = 2147483647;
			files = (
				F2A1FA852B601BD900149262 /* Scramble.swift in Sources */,
				F2A1FA7C2B600AD100149262 /* ActionButtonsView.swift in Sources */,
				F2A1FA812B600FA300149262 /* Colors.swift in Sources */,
				F2A1FA442B5F94E300149262 /* ContentView.swift in Sources */,
				F2A1FA762B60095900149262 /* CurrentWordView.swift in Sources */,
				F2A1FA742B60093800149262 /* DiscoveredWordsView.swift in Sources */,
				F2A1FA782B600A0200149262 /* AlphabetButtonView.swift in Sources */,
				F2A1FA6E2B5FB75100149262 /* Words.swift in Sources */,
				F2A1FA6C2B5FAD8800149262 /* GameManager.swift in Sources */,
				F2A1FA422B5F94E300149262 /* LionSpell2App.swift in Sources */,
				F2A1FA7E2B600B3100149262 /* TopHeaderView.swift in Sources */,
				F2A1FA722B6008DF00149262 /* PointsView.swift in Sources */,
				F2A1FA7A2B600A2100149262 /* GameOptionsView.swift in Sources */,
			);
			runOnlyForDeploymentPostprocessing = 0;
		};
		F2A1FA4A2B5F94E500149262 /* Sources */ = {
			isa = PBXSourcesBuildPhase;
			buildActionMask = 2147483647;
			files = (
				F2A1FA532B5F94E500149262 /* LionSpell2Tests.swift in Sources */,
			);
			runOnlyForDeploymentPostprocessing = 0;
		};
		F2A1FA542B5F94E500149262 /* Sources */ = {
			isa = PBXSourcesBuildPhase;
			buildActionMask = 2147483647;
			files = (
				F2A1FA5F2B5F94E500149262 /* LionSpell2UITestsLaunchTests.swift in Sources */,
				F2A1FA5D2B5F94E500149262 /* LionSpell2UITests.swift in Sources */,
			);
			runOnlyForDeploymentPostprocessing = 0;
		};
/* End PBXSourcesBuildPhase section */

/* Begin PBXTargetDependency section */
		F2A1FA502B5F94E500149262 /* PBXTargetDependency */ = {
			isa = PBXTargetDependency;
			target = F2A1FA3D2B5F94E300149262 /* LionSpell2 */;
			targetProxy = F2A1FA4F2B5F94E500149262 /* PBXContainerItemProxy */;
		};
		F2A1FA5A2B5F94E500149262 /* PBXTargetDependency */ = {
			isa = PBXTargetDependency;
			target = F2A1FA3D2B5F94E300149262 /* LionSpell2 */;
			targetProxy = F2A1FA592B5F94E500149262 /* PBXContainerItemProxy */;
		};
/* End PBXTargetDependency section */

/* Begin XCBuildConfiguration section */
		F2A1FA602B5F94E500149262 /* Debug */ = {
			isa = XCBuildConfiguration;
			buildSettings = {
				ALWAYS_SEARCH_USER_PATHS = NO;
				ASSETCATALOG_COMPILER_GENERATE_SWIFT_ASSET_SYMBOL_EXTENSIONS = YES;
				CLANG_ANALYZER_NONNULL = YES;
				CLANG_ANALYZER_NUMBER_OBJECT_CONVERSION = YES_AGGRESSIVE;
				CLANG_CXX_LANGUAGE_STANDARD = "gnu++20";
				CLANG_ENABLE_MODULES = YES;
				CLANG_ENABLE_OBJC_ARC = YES;
				CLANG_ENABLE_OBJC_WEAK = YES;
				CLANG_WARN_BLOCK_CAPTURE_AUTORELEASING = YES;
				CLANG_WARN_BOOL_CONVERSION = YES;
				CLANG_WARN_COMMA = YES;
				CLANG_WARN_CONSTANT_CONVERSION = YES;
				CLANG_WARN_DEPRECATED_OBJC_IMPLEMENTATIONS = YES;
				CLANG_WARN_DIRECT_OBJC_ISA_USAGE = YES_ERROR;
				CLANG_WARN_DOCUMENTATION_COMMENTS = YES;
				CLANG_WARN_EMPTY_BODY = YES;
				CLANG_WARN_ENUM_CONVERSION = YES;
				CLANG_WARN_INFINITE_RECURSION = YES;
				CLANG_WARN_INT_CONVERSION = YES;
				CLANG_WARN_NON_LITERAL_NULL_CONVERSION = YES;
				CLANG_WARN_OBJC_IMPLICIT_RETAIN_SELF = YES;
				CLANG_WARN_OBJC_LITERAL_CONVERSION = YES;
				CLANG_WARN_OBJC_ROOT_CLASS = YES_ERROR;
				CLANG_WARN_QUOTED_INCLUDE_IN_FRAMEWORK_HEADER = YES;
				CLANG_WARN_RANGE_LOOP_ANALYSIS = YES;
				CLANG_WARN_STRICT_PROTOTYPES = YES;
				CLANG_WARN_SUSPICIOUS_MOVE = YES;
				CLANG_WARN_UNGUARDED_AVAILABILITY = YES_AGGRESSIVE;
				CLANG_WARN_UNREACHABLE_CODE = YES;
				CLANG_WARN__DUPLICATE_METHOD_MATCH = YES;
				COPY_PHASE_STRIP = NO;
				DEBUG_INFORMATION_FORMAT = dwarf;
				ENABLE_STRICT_OBJC_MSGSEND = YES;
				ENABLE_TESTABILITY = YES;
				ENABLE_USER_SCRIPT_SANDBOXING = YES;
				GCC_C_LANGUAGE_STANDARD = gnu17;
				GCC_DYNAMIC_NO_PIC = NO;
				GCC_NO_COMMON_BLOCKS = YES;
				GCC_OPTIMIZATION_LEVEL = 0;
				GCC_PREPROCESSOR_DEFINITIONS = (
					"DEBUG=1",
					"$(inherited)",
				);
				GCC_WARN_64_TO_32_BIT_CONVERSION = YES;
				GCC_WARN_ABOUT_RETURN_TYPE = YES_ERROR;
				GCC_WARN_UNDECLARED_SELECTOR = YES;
				GCC_WARN_UNINITIALIZED_AUTOS = YES_AGGRESSIVE;
				GCC_WARN_UNUSED_FUNCTION = YES;
				GCC_WARN_UNUSED_VARIABLE = YES;
				IPHONEOS_DEPLOYMENT_TARGET = 17.2;
				LOCALIZATION_PREFERS_STRING_CATALOGS = YES;
				MTL_ENABLE_DEBUG_INFO = INCLUDE_SOURCE;
				MTL_FAST_MATH = YES;
				ONLY_ACTIVE_ARCH = YES;
				SDKROOT = iphoneos;
				SWIFT_ACTIVE_COMPILATION_CONDITIONS = "DEBUG $(inherited)";
				SWIFT_OPTIMIZATION_LEVEL = "-Onone";
			};
			name = Debug;
		};
		F2A1FA612B5F94E500149262 /* Release */ = {
			isa = XCBuildConfiguration;
			buildSettings = {
				ALWAYS_SEARCH_USER_PATHS = NO;
				ASSETCATALOG_COMPILER_GENERATE_SWIFT_ASSET_SYMBOL_EXTENSIONS = YES;
				CLANG_ANALYZER_NONNULL = YES;
				CLANG_ANALYZER_NUMBER_OBJECT_CONVERSION = YES_AGGRESSIVE;
				CLANG_CXX_LANGUAGE_STANDARD = "gnu++20";
				CLANG_ENABLE_MODULES = YES;
				CLANG_ENABLE_OBJC_ARC = YES;
				CLANG_ENABLE_OBJC_WEAK = YES;
				CLANG_WARN_BLOCK_CAPTURE_AUTORELEASING = YES;
				CLANG_WARN_BOOL_CONVERSION = YES;
				CLANG_WARN_COMMA = YES;
				CLANG_WARN_CONSTANT_CONVERSION = YES;
				CLANG_WARN_DEPRECATED_OBJC_IMPLEMENTATIONS = YES;
				CLANG_WARN_DIRECT_OBJC_ISA_USAGE = YES_ERROR;
				CLANG_WARN_DOCUMENTATION_COMMENTS = YES;
				CLANG_WARN_EMPTY_BODY = YES;
				CLANG_WARN_ENUM_CONVERSION = YES;
				CLANG_WARN_INFINITE_RECURSION = YES;
				CLANG_WARN_INT_CONVERSION = YES;
				CLANG_WARN_NON_LITERAL_NULL_CONVERSION = YES;
				CLANG_WARN_OBJC_IMPLICIT_RETAIN_SELF = YES;
				CLANG_WARN_OBJC_LITERAL_CONVERSION = YES;
				CLANG_WARN_OBJC_ROOT_CLASS = YES_ERROR;
				CLANG_WARN_QUOTED_INCLUDE_IN_FRAMEWORK_HEADER = YES;
				CLANG_WARN_RANGE_LOOP_ANALYSIS = YES;
				CLANG_WARN_STRICT_PROTOTYPES = YES;
				CLANG_WARN_SUSPICIOUS_MOVE = YES;
				CLANG_WARN_UNGUARDED_AVAILABILITY = YES_AGGRESSIVE;
				CLANG_WARN_UNREACHABLE_CODE = YES;
				CLANG_WARN__DUPLICATE_METHOD_MATCH = YES;
				COPY_PHASE_STRIP = NO;
				DEBUG_INFORMATION_FORMAT = "dwarf-with-dsym";
				ENABLE_NS_ASSERTIONS = NO;
				ENABLE_STRICT_OBJC_MSGSEND = YES;
				ENABLE_USER_SCRIPT_SANDBOXING = YES;
				GCC_C_LANGUAGE_STANDARD = gnu17;
				GCC_NO_COMMON_BLOCKS = YES;
				GCC_WARN_64_TO_32_BIT_CONVERSION = YES;
				GCC_WARN_ABOUT_RETURN_TYPE = YES_ERROR;
				GCC_WARN_UNDECLARED_SELECTOR = YES;
				GCC_WARN_UNINITIALIZED_AUTOS = YES_AGGRESSIVE;
				GCC_WARN_UNUSED_FUNCTION = YES;
				GCC_WARN_UNUSED_VARIABLE = YES;
				IPHONEOS_DEPLOYMENT_TARGET = 17.2;
				LOCALIZATION_PREFERS_STRING_CATALOGS = YES;
				MTL_ENABLE_DEBUG_INFO = NO;
				MTL_FAST_MATH = YES;
				SDKROOT = iphoneos;
				SWIFT_COMPILATION_MODE = wholemodule;
				VALIDATE_PRODUCT = YES;
			};
			name = Release;
		};
		F2A1FA632B5F94E500149262 /* Debug */ = {
			isa = XCBuildConfiguration;
			buildSettings = {
				ASSETCATALOG_COMPILER_APPICON_NAME = AppIcon;
				ASSETCATALOG_COMPILER_GLOBAL_ACCENT_COLOR_NAME = AccentColor;
				CODE_SIGN_STYLE = Automatic;
				CURRENT_PROJECT_VERSION = 1;
				DEVELOPMENT_ASSET_PATHS = "\"LionSpell2/Preview Content\"";
				ENABLE_PREVIEWS = YES;
				GENERATE_INFOPLIST_FILE = YES;
				INFOPLIST_KEY_UIApplicationSceneManifest_Generation = YES;
				INFOPLIST_KEY_UIApplicationSupportsIndirectInputEvents = YES;
				INFOPLIST_KEY_UILaunchScreen_Generation = YES;
				INFOPLIST_KEY_UISupportedInterfaceOrientations_iPad = "UIInterfaceOrientationPortrait UIInterfaceOrientationPortraitUpsideDown UIInterfaceOrientationLandscapeLeft UIInterfaceOrientationLandscapeRight";
				INFOPLIST_KEY_UISupportedInterfaceOrientations_iPhone = "UIInterfaceOrientationPortrait UIInterfaceOrientationLandscapeLeft UIInterfaceOrientationLandscapeRight";
				LD_RUNPATH_SEARCH_PATHS = (
					"$(inherited)",
					"@executable_path/Frameworks",
				);
				MARKETING_VERSION = 1.0;
				PRODUCT_BUNDLE_IDENTIFIER = CmpSc475.LionSpell2;
				PRODUCT_NAME = "$(TARGET_NAME)";
				SWIFT_EMIT_LOC_STRINGS = YES;
				SWIFT_VERSION = 5.0;
				TARGETED_DEVICE_FAMILY = "1,2";
			};
			name = Debug;
		};
		F2A1FA642B5F94E500149262 /* Release */ = {
			isa = XCBuildConfiguration;
			buildSettings = {
				ASSETCATALOG_COMPILER_APPICON_NAME = AppIcon;
				ASSETCATALOG_COMPILER_GLOBAL_ACCENT_COLOR_NAME = AccentColor;
				CODE_SIGN_STYLE = Automatic;
				CURRENT_PROJECT_VERSION = 1;
				DEVELOPMENT_ASSET_PATHS = "\"LionSpell2/Preview Content\"";
				ENABLE_PREVIEWS = YES;
				GENERATE_INFOPLIST_FILE = YES;
				INFOPLIST_KEY_UIApplicationSceneManifest_Generation = YES;
				INFOPLIST_KEY_UIApplicationSupportsIndirectInputEvents = YES;
				INFOPLIST_KEY_UILaunchScreen_Generation = YES;
				INFOPLIST_KEY_UISupportedInterfaceOrientations_iPad = "UIInterfaceOrientationPortrait UIInterfaceOrientationPortraitUpsideDown UIInterfaceOrientationLandscapeLeft UIInterfaceOrientationLandscapeRight";
				INFOPLIST_KEY_UISupportedInterfaceOrientations_iPhone = "UIInterfaceOrientationPortrait UIInterfaceOrientationLandscapeLeft UIInterfaceOrientationLandscapeRight";
				LD_RUNPATH_SEARCH_PATHS = (
					"$(inherited)",
					"@executable_path/Frameworks",
				);
				MARKETING_VERSION = 1.0;
				PRODUCT_BUNDLE_IDENTIFIER = CmpSc475.LionSpell2;
				PRODUCT_NAME = "$(TARGET_NAME)";
				SWIFT_EMIT_LOC_STRINGS = YES;
				SWIFT_VERSION = 5.0;
				TARGETED_DEVICE_FAMILY = "1,2";
			};
			name = Release;
		};
		F2A1FA662B5F94E500149262 /* Debug */ = {
			isa = XCBuildConfiguration;
			buildSettings = {
				ALWAYS_EMBED_SWIFT_STANDARD_LIBRARIES = YES;
				BUNDLE_LOADER = "$(TEST_HOST)";
				CODE_SIGN_STYLE = Automatic;
				CURRENT_PROJECT_VERSION = 1;
				GENERATE_INFOPLIST_FILE = YES;
				IPHONEOS_DEPLOYMENT_TARGET = 17.2;
				MARKETING_VERSION = 1.0;
				PRODUCT_BUNDLE_IDENTIFIER = CmpSc475.LionSpell2Tests;
				PRODUCT_NAME = "$(TARGET_NAME)";
				SWIFT_EMIT_LOC_STRINGS = NO;
				SWIFT_VERSION = 5.0;
				TARGETED_DEVICE_FAMILY = "1,2";
				TEST_HOST = "$(BUILT_PRODUCTS_DIR)/LionSpell2.app/$(BUNDLE_EXECUTABLE_FOLDER_PATH)/LionSpell2";
			};
			name = Debug;
		};
		F2A1FA672B5F94E500149262 /* Release */ = {
			isa = XCBuildConfiguration;
			buildSettings = {
				ALWAYS_EMBED_SWIFT_STANDARD_LIBRARIES = YES;
				BUNDLE_LOADER = "$(TEST_HOST)";
				CODE_SIGN_STYLE = Automatic;
				CURRENT_PROJECT_VERSION = 1;
				GENERATE_INFOPLIST_FILE = YES;
				IPHONEOS_DEPLOYMENT_TARGET = 17.2;
				MARKETING_VERSION = 1.0;
				PRODUCT_BUNDLE_IDENTIFIER = CmpSc475.LionSpell2Tests;
				PRODUCT_NAME = "$(TARGET_NAME)";
				SWIFT_EMIT_LOC_STRINGS = NO;
				SWIFT_VERSION = 5.0;
				TARGETED_DEVICE_FAMILY = "1,2";
				TEST_HOST = "$(BUILT_PRODUCTS_DIR)/LionSpell2.app/$(BUNDLE_EXECUTABLE_FOLDER_PATH)/LionSpell2";
			};
			name = Release;
		};
		F2A1FA692B5F94E500149262 /* Debug */ = {
			isa = XCBuildConfiguration;
			buildSettings = {
				ALWAYS_EMBED_SWIFT_STANDARD_LIBRARIES = YES;
				CODE_SIGN_STYLE = Automatic;
				CURRENT_PROJECT_VERSION = 1;
				GENERATE_INFOPLIST_FILE = YES;
				MARKETING_VERSION = 1.0;
				PRODUCT_BUNDLE_IDENTIFIER = CmpSc475.LionSpell2UITests;
				PRODUCT_NAME = "$(TARGET_NAME)";
				SWIFT_EMIT_LOC_STRINGS = NO;
				SWIFT_VERSION = 5.0;
				TARGETED_DEVICE_FAMILY = "1,2";
				TEST_TARGET_NAME = LionSpell2;
			};
			name = Debug;
		};
		F2A1FA6A2B5F94E500149262 /* Release */ = {
			isa = XCBuildConfiguration;
			buildSettings = {
				ALWAYS_EMBED_SWIFT_STANDARD_LIBRARIES = YES;
				CODE_SIGN_STYLE = Automatic;
				CURRENT_PROJECT_VERSION = 1;
				GENERATE_INFOPLIST_FILE = YES;
				MARKETING_VERSION = 1.0;
				PRODUCT_BUNDLE_IDENTIFIER = CmpSc475.LionSpell2UITests;
				PRODUCT_NAME = "$(TARGET_NAME)";
				SWIFT_EMIT_LOC_STRINGS = NO;
				SWIFT_VERSION = 5.0;
				TARGETED_DEVICE_FAMILY = "1,2";
				TEST_TARGET_NAME = LionSpell2;
			};
			name = Release;
		};
/* End XCBuildConfiguration section */

/* Begin XCConfigurationList section */
		F2A1FA392B5F94E300149262 /* Build configuration list for PBXProject "LionSpell2" */ = {
			isa = XCConfigurationList;
			buildConfigurations = (
				F2A1FA602B5F94E500149262 /* Debug */,
				F2A1FA612B5F94E500149262 /* Release */,
			);
			defaultConfigurationIsVisible = 0;
			defaultConfigurationName = Release;
		};
		F2A1FA622B5F94E500149262 /* Build configuration list for PBXNativeTarget "LionSpell2" */ = {
			isa = XCConfigurationList;
			buildConfigurations = (
				F2A1FA632B5F94E500149262 /* Debug */,
				F2A1FA642B5F94E500149262 /* Release */,
			);
			defaultConfigurationIsVisible = 0;
			defaultConfigurationName = Release;
		};
		F2A1FA652B5F94E500149262 /* Build configuration list for PBXNativeTarget "LionSpell2Tests" */ = {
			isa = XCConfigurationList;
			buildConfigurations = (
				F2A1FA662B5F94E500149262 /* Debug */,
				F2A1FA672B5F94E500149262 /* Release */,
			);
			defaultConfigurationIsVisible = 0;
			defaultConfigurationName = Release;
		};
		F2A1FA682B5F94E500149262 /* Build configuration list for PBXNativeTarget "LionSpell2UITests" */ = {
			isa = XCConfigurationList;
			buildConfigurations = (
				F2A1FA692B5F94E500149262 /* Debug */,
				F2A1FA6A2B5F94E500149262 /* Release */,
			);
			defaultConfigurationIsVisible = 0;
			defaultConfigurationName = Release;
		};
/* End XCConfigurationList section */
	};
	rootObject = F2A1FA362B5F94E300149262 /* Project object */;
}
