// !$*UTF8*$!
{
	archiveVersion = 1;
	classes = {
	};
	objectVersion = 56;
	objects = {

/* Begin PBXBuildFile section */
		F2272E782B6193EB00DFD16B /* TopHeaderView.swift in Sources */ = {isa = PBXBuildFile; fileRef = F2272E6A2B6193EB00DFD16B /* TopHeaderView.swift */; };
		F2272E792B6193EB00DFD16B /* GameOptionsView.swift in Sources */ = {isa = PBXBuildFile; fileRef = F2272E6B2B6193EB00DFD16B /* GameOptionsView.swift */; };
		F2272E7A2B6193EB00DFD16B /* PointsView.swift in Sources */ = {isa = PBXBuildFile; fileRef = F2272E6C2B6193EB00DFD16B /* PointsView.swift */; };
		F2272E7B2B6193EB00DFD16B /* ActionButtonsView.swift in Sources */ = {isa = PBXBuildFile; fileRef = F2272E6D2B6193EB00DFD16B /* ActionButtonsView.swift */; };
		F2272E7C2B6193EB00DFD16B /* AlphabetButtonView.swift in Sources */ = {isa = PBXBuildFile; fileRef = F2272E6E2B6193EB00DFD16B /* AlphabetButtonView.swift */; };
		F2272E7D2B6193EB00DFD16B /* CurrentWordView.swift in Sources */ = {isa = PBXBuildFile; fileRef = F2272E6F2B6193EB00DFD16B /* CurrentWordView.swift */; };
		F2272E7E2B6193EB00DFD16B /* ContentView.swift in Sources */ = {isa = PBXBuildFile; fileRef = F2272E702B6193EB00DFD16B /* ContentView.swift */; };
		F2272E7F2B6193EB00DFD16B /* DiscoveredWordsView.swift in Sources */ = {isa = PBXBuildFile; fileRef = F2272E712B6193EB00DFD16B /* DiscoveredWordsView.swift */; };
		F2272E802B6193EB00DFD16B /* Scramble.swift in Sources */ = {isa = PBXBuildFile; fileRef = F2272E732B6193EB00DFD16B /* Scramble.swift */; };
		F2272E812B6193EB00DFD16B /* GameManager.swift in Sources */ = {isa = PBXBuildFile; fileRef = F2272E742B6193EB00DFD16B /* GameManager.swift */; };
		F2272E822B6193EB00DFD16B /* Words.swift in Sources */ = {isa = PBXBuildFile; fileRef = F2272E762B6193EB00DFD16B /* Words.swift */; };
		F2272E832B6193EB00DFD16B /* Colors.swift in Sources */ = {isa = PBXBuildFile; fileRef = F2272E772B6193EB00DFD16B /* Colors.swift */; };
		F2B8C6AC2B61910C00254813 /* LionSpell3App.swift in Sources */ = {isa = PBXBuildFile; fileRef = F2B8C6AB2B61910C00254813 /* LionSpell3App.swift */; };
		F2B8C6B02B61910E00254813 /* Assets.xcassets in Resources */ = {isa = PBXBuildFile; fileRef = F2B8C6AF2B61910E00254813 /* Assets.xcassets */; };
		F2B8C6B32B61910E00254813 /* Preview Assets.xcassets in Resources */ = {isa = PBXBuildFile; fileRef = F2B8C6B22B61910E00254813 /* Preview Assets.xcassets */; };
		F2B8C6BD2B61910E00254813 /* LionSpell3Tests.swift in Sources */ = {isa = PBXBuildFile; fileRef = F2B8C6BC2B61910E00254813 /* LionSpell3Tests.swift */; };
		F2B8C6C72B61910E00254813 /* LionSpell3UITests.swift in Sources */ = {isa = PBXBuildFile; fileRef = F2B8C6C62B61910E00254813 /* LionSpell3UITests.swift */; };
		F2B8C6C92B61910E00254813 /* LionSpell3UITestsLaunchTests.swift in Sources */ = {isa = PBXBuildFile; fileRef = F2B8C6C82B61910E00254813 /* LionSpell3UITestsLaunchTests.swift */; };
/* End PBXBuildFile section */

/* Begin PBXContainerItemProxy section */
		F2B8C6B92B61910E00254813 /* PBXContainerItemProxy */ = {
			isa = PBXContainerItemProxy;
			containerPortal = F2B8C6A02B61910C00254813 /* Project object */;
			proxyType = 1;
			remoteGlobalIDString = F2B8C6A72B61910C00254813;
			remoteInfo = LionSpell3;
		};
		F2B8C6C32B61910E00254813 /* PBXContainerItemProxy */ = {
			isa = PBXContainerItemProxy;
			containerPortal = F2B8C6A02B61910C00254813 /* Project object */;
			proxyType = 1;
			remoteGlobalIDString = F2B8C6A72B61910C00254813;
			remoteInfo = LionSpell3;
		};
/* End PBXContainerItemProxy section */

/* Begin PBXFileReference section */
		F2272E6A2B6193EB00DFD16B /* TopHeaderView.swift */ = {isa = PBXFileReference; fileEncoding = 4; lastKnownFileType = sourcecode.swift; path = TopHeaderView.swift; sourceTree = "<group>"; };
		F2272E6B2B6193EB00DFD16B /* GameOptionsView.swift */ = {isa = PBXFileReference; fileEncoding = 4; lastKnownFileType = sourcecode.swift; path = GameOptionsView.swift; sourceTree = "<group>"; };
		F2272E6C2B6193EB00DFD16B /* PointsView.swift */ = {isa = PBXFileReference; fileEncoding = 4; lastKnownFileType = sourcecode.swift; path = PointsView.swift; sourceTree = "<group>"; };
		F2272E6D2B6193EB00DFD16B /* ActionButtonsView.swift */ = {isa = PBXFileReference; fileEncoding = 4; lastKnownFileType = sourcecode.swift; path = ActionButtonsView.swift; sourceTree = "<group>"; };
		F2272E6E2B6193EB00DFD16B /* AlphabetButtonView.swift */ = {isa = PBXFileReference; fileEncoding = 4; lastKnownFileType = sourcecode.swift; path = AlphabetButtonView.swift; sourceTree = "<group>"; };
		F2272E6F2B6193EB00DFD16B /* CurrentWordView.swift */ = {isa = PBXFileReference; fileEncoding = 4; lastKnownFileType = sourcecode.swift; path = CurrentWordView.swift; sourceTree = "<group>"; };
		F2272E702B6193EB00DFD16B /* ContentView.swift */ = {isa = PBXFileReference; fileEncoding = 4; lastKnownFileType = sourcecode.swift; path = ContentView.swift; sourceTree = "<group>"; };
		F2272E712B6193EB00DFD16B /* DiscoveredWordsView.swift */ = {isa = PBXFileReference; fileEncoding = 4; lastKnownFileType = sourcecode.swift; path = DiscoveredWordsView.swift; sourceTree = "<group>"; };
		F2272E732B6193EB00DFD16B /* Scramble.swift */ = {isa = PBXFileReference; fileEncoding = 4; lastKnownFileType = sourcecode.swift; path = Scramble.swift; sourceTree = "<group>"; };
		F2272E742B6193EB00DFD16B /* GameManager.swift */ = {isa = PBXFileReference; fileEncoding = 4; lastKnownFileType = sourcecode.swift; path = GameManager.swift; sourceTree = "<group>"; };
		F2272E762B6193EB00DFD16B /* Words.swift */ = {isa = PBXFileReference; fileEncoding = 4; lastKnownFileType = sourcecode.swift; path = Words.swift; sourceTree = "<group>"; };
		F2272E772B6193EB00DFD16B /* Colors.swift */ = {isa = PBXFileReference; fileEncoding = 4; lastKnownFileType = sourcecode.swift; path = Colors.swift; sourceTree = "<group>"; };
		F2B8C6A82B61910C00254813 /* LionSpell3.app */ = {isa = PBXFileReference; explicitFileType = wrapper.application; includeInIndex = 0; path = LionSpell3.app; sourceTree = BUILT_PRODUCTS_DIR; };
		F2B8C6AB2B61910C00254813 /* LionSpell3App.swift */ = {isa = PBXFileReference; lastKnownFileType = sourcecode.swift; path = LionSpell3App.swift; sourceTree = "<group>"; };
		F2B8C6AF2B61910E00254813 /* Assets.xcassets */ = {isa = PBXFileReference; lastKnownFileType = folder.assetcatalog; path = Assets.xcassets; sourceTree = "<group>"; };
		F2B8C6B22B61910E00254813 /* Preview Assets.xcassets */ = {isa = PBXFileReference; lastKnownFileType = folder.assetcatalog; path = "Preview Assets.xcassets"; sourceTree = "<group>"; };
		F2B8C6B82B61910E00254813 /* LionSpell3Tests.xctest */ = {isa = PBXFileReference; explicitFileType = wrapper.cfbundle; includeInIndex = 0; path = LionSpell3Tests.xctest; sourceTree = BUILT_PRODUCTS_DIR; };
		F2B8C6BC2B61910E00254813 /* LionSpell3Tests.swift */ = {isa = PBXFileReference; lastKnownFileType = sourcecode.swift; path = LionSpell3Tests.swift; sourceTree = "<group>"; };
		F2B8C6C22B61910E00254813 /* LionSpell3UITests.xctest */ = {isa = PBXFileReference; explicitFileType = wrapper.cfbundle; includeInIndex = 0; path = LionSpell3UITests.xctest; sourceTree = BUILT_PRODUCTS_DIR; };
		F2B8C6C62B61910E00254813 /* LionSpell3UITests.swift */ = {isa = PBXFileReference; lastKnownFileType = sourcecode.swift; path = LionSpell3UITests.swift; sourceTree = "<group>"; };
		F2B8C6C82B61910E00254813 /* LionSpell3UITestsLaunchTests.swift */ = {isa = PBXFileReference; lastKnownFileType = sourcecode.swift; path = LionSpell3UITestsLaunchTests.swift; sourceTree = "<group>"; };
/* End PBXFileReference section */

/* Begin PBXFrameworksBuildPhase section */
		F2B8C6A52B61910C00254813 /* Frameworks */ = {
			isa = PBXFrameworksBuildPhase;
			buildActionMask = 2147483647;
			files = (
			);
			runOnlyForDeploymentPostprocessing = 0;
		};
		F2B8C6B52B61910E00254813 /* Frameworks */ = {
			isa = PBXFrameworksBuildPhase;
			buildActionMask = 2147483647;
			files = (
			);
			runOnlyForDeploymentPostprocessing = 0;
		};
		F2B8C6BF2B61910E00254813 /* Frameworks */ = {
			isa = PBXFrameworksBuildPhase;
			buildActionMask = 2147483647;
			files = (
			);
			runOnlyForDeploymentPostprocessing = 0;
		};
/* End PBXFrameworksBuildPhase section */

/* Begin PBXGroup section */
		F2272E692B6193EB00DFD16B /* Views */ = {
			isa = PBXGroup;
			children = (
				F2272E6A2B6193EB00DFD16B /* TopHeaderView.swift */,
				F2272E6B2B6193EB00DFD16B /* GameOptionsView.swift */,
				F2272E6C2B6193EB00DFD16B /* PointsView.swift */,
				F2272E6D2B6193EB00DFD16B /* ActionButtonsView.swift */,
				F2272E6E2B6193EB00DFD16B /* AlphabetButtonView.swift */,
				F2272E6F2B6193EB00DFD16B /* CurrentWordView.swift */,
				F2272E702B6193EB00DFD16B /* ContentView.swift */,
				F2272E712B6193EB00DFD16B /* DiscoveredWordsView.swift */,
			);
			path = Views;
			sourceTree = "<group>";
		};
		F2272E722B6193EB00DFD16B /* ViewModels */ = {
			isa = PBXGroup;
			children = (
				F2272E732B6193EB00DFD16B /* Scramble.swift */,
				F2272E742B6193EB00DFD16B /* GameManager.swift */,
			);
			path = ViewModels;
			sourceTree = "<group>";
		};
		F2272E752B6193EB00DFD16B /* ViewConstants */ = {
			isa = PBXGroup;
			children = (
				F2272E762B6193EB00DFD16B /* Words.swift */,
				F2272E772B6193EB00DFD16B /* Colors.swift */,
			);
			path = ViewConstants;
			sourceTree = "<group>";
		};
		F2B8C69F2B61910C00254813 = {
			isa = PBXGroup;
			children = (
				F2B8C6AA2B61910C00254813 /* LionSpell3 */,
				F2B8C6BB2B61910E00254813 /* LionSpell3Tests */,
				F2B8C6C52B61910E00254813 /* LionSpell3UITests */,
				F2B8C6A92B61910C00254813 /* Products */,
			);
			sourceTree = "<group>";
		};
		F2B8C6A92B61910C00254813 /* Products */ = {
			isa = PBXGroup;
			children = (
				F2B8C6A82B61910C00254813 /* LionSpell3.app */,
				F2B8C6B82B61910E00254813 /* LionSpell3Tests.xctest */,
				F2B8C6C22B61910E00254813 /* LionSpell3UITests.xctest */,
			);
			name = Products;
			sourceTree = "<group>";
		};
		F2B8C6AA2B61910C00254813 /* LionSpell3 */ = {
			isa = PBXGroup;
			children = (
				F2272E752B6193EB00DFD16B /* ViewConstants */,
				F2272E722B6193EB00DFD16B /* ViewModels */,
				F2272E692B6193EB00DFD16B /* Views */,
				F2B8C6AF2B61910E00254813 /* Assets.xcassets */,
				F2B8C6AB2B61910C00254813 /* LionSpell3App.swift */,
				F2B8C6B12B61910E00254813 /* Preview Content */,
			);
			path = LionSpell3;
			sourceTree = "<group>";
		};
		F2B8C6B12B61910E00254813 /* Preview Content */ = {
			isa = PBXGroup;
			children = (
				F2B8C6B22B61910E00254813 /* Preview Assets.xcassets */,
			);
			path = "Preview Content";
			sourceTree = "<group>";
		};
		F2B8C6BB2B61910E00254813 /* LionSpell3Tests */ = {
			isa = PBXGroup;
			children = (
				F2B8C6BC2B61910E00254813 /* LionSpell3Tests.swift */,
			);
			path = LionSpell3Tests;
			sourceTree = "<group>";
		};
		F2B8C6C52B61910E00254813 /* LionSpell3UITests */ = {
			isa = PBXGroup;
			children = (
				F2B8C6C62B61910E00254813 /* LionSpell3UITests.swift */,
				F2B8C6C82B61910E00254813 /* LionSpell3UITestsLaunchTests.swift */,
			);
			path = LionSpell3UITests;
			sourceTree = "<group>";
		};
/* End PBXGroup section */

/* Begin PBXNativeTarget section */
		F2B8C6A72B61910C00254813 /* LionSpell3 */ = {
			isa = PBXNativeTarget;
			buildConfigurationList = F2B8C6CC2B61910E00254813 /* Build configuration list for PBXNativeTarget "LionSpell3" */;
			buildPhases = (
				F2B8C6A42B61910C00254813 /* Sources */,
				F2B8C6A52B61910C00254813 /* Frameworks */,
				F2B8C6A62B61910C00254813 /* Resources */,
			);
			buildRules = (
			);
			dependencies = (
			);
			name = LionSpell3;
			productName = LionSpell3;
			productReference = F2B8C6A82B61910C00254813 /* LionSpell3.app */;
			productType = "com.apple.product-type.application";
		};
		F2B8C6B72B61910E00254813 /* LionSpell3Tests */ = {
			isa = PBXNativeTarget;
			buildConfigurationList = F2B8C6CF2B61910E00254813 /* Build configuration list for PBXNativeTarget "LionSpell3Tests" */;
			buildPhases = (
				F2B8C6B42B61910E00254813 /* Sources */,
				F2B8C6B52B61910E00254813 /* Frameworks */,
				F2B8C6B62B61910E00254813 /* Resources */,
			);
			buildRules = (
			);
			dependencies = (
				F2B8C6BA2B61910E00254813 /* PBXTargetDependency */,
			);
			name = LionSpell3Tests;
			productName = LionSpell3Tests;
			productReference = F2B8C6B82B61910E00254813 /* LionSpell3Tests.xctest */;
			productType = "com.apple.product-type.bundle.unit-test";
		};
		F2B8C6C12B61910E00254813 /* LionSpell3UITests */ = {
			isa = PBXNativeTarget;
			buildConfigurationList = F2B8C6D22B61910E00254813 /* Build configuration list for PBXNativeTarget "LionSpell3UITests" */;
			buildPhases = (
				F2B8C6BE2B61910E00254813 /* Sources */,
				F2B8C6BF2B61910E00254813 /* Frameworks */,
				F2B8C6C02B61910E00254813 /* Resources */,
			);
			buildRules = (
			);
			dependencies = (
				F2B8C6C42B61910E00254813 /* PBXTargetDependency */,
			);
			name = LionSpell3UITests;
			productName = LionSpell3UITests;
			productReference = F2B8C6C22B61910E00254813 /* LionSpell3UITests.xctest */;
			productType = "com.apple.product-type.bundle.ui-testing";
		};
/* End PBXNativeTarget section */

/* Begin PBXProject section */
		F2B8C6A02B61910C00254813 /* Project object */ = {
			isa = PBXProject;
			attributes = {
				BuildIndependentTargetsInParallel = 1;
				LastSwiftUpdateCheck = 1520;
				LastUpgradeCheck = 1520;
				TargetAttributes = {
					F2B8C6A72B61910C00254813 = {
						CreatedOnToolsVersion = 15.2;
					};
					F2B8C6B72B61910E00254813 = {
						CreatedOnToolsVersion = 15.2;
						TestTargetID = F2B8C6A72B61910C00254813;
					};
					F2B8C6C12B61910E00254813 = {
						CreatedOnToolsVersion = 15.2;
						TestTargetID = F2B8C6A72B61910C00254813;
					};
				};
			};
			buildConfigurationList = F2B8C6A32B61910C00254813 /* Build configuration list for PBXProject "LionSpell3" */;
			compatibilityVersion = "Xcode 14.0";
			developmentRegion = en;
			hasScannedForEncodings = 0;
			knownRegions = (
				en,
				Base,
			);
			mainGroup = F2B8C69F2B61910C00254813;
			productRefGroup = F2B8C6A92B61910C00254813 /* Products */;
			projectDirPath = "";
			projectRoot = "";
			targets = (
				F2B8C6A72B61910C00254813 /* LionSpell3 */,
				F2B8C6B72B61910E00254813 /* LionSpell3Tests */,
				F2B8C6C12B61910E00254813 /* LionSpell3UITests */,
			);
		};
/* End PBXProject section */

/* Begin PBXResourcesBuildPhase section */
		F2B8C6A62B61910C00254813 /* Resources */ = {
			isa = PBXResourcesBuildPhase;
			buildActionMask = 2147483647;
			files = (
				F2B8C6B32B61910E00254813 /* Preview Assets.xcassets in Resources */,
				F2B8C6B02B61910E00254813 /* Assets.xcassets in Resources */,
			);
			runOnlyForDeploymentPostprocessing = 0;
		};
		F2B8C6B62B61910E00254813 /* Resources */ = {
			isa = PBXResourcesBuildPhase;
			buildActionMask = 2147483647;
			files = (
			);
			runOnlyForDeploymentPostprocessing = 0;
		};
		F2B8C6C02B61910E00254813 /* Resources */ = {
			isa = PBXResourcesBuildPhase;
			buildActionMask = 2147483647;
			files = (
			);
			runOnlyForDeploymentPostprocessing = 0;
		};
/* End PBXResourcesBuildPhase section */

/* Begin PBXSourcesBuildPhase section */
		F2B8C6A42B61910C00254813 /* Sources */ = {
			isa = PBXSourcesBuildPhase;
			buildActionMask = 2147483647;
			files = (
				F2272E792B6193EB00DFD16B /* GameOptionsView.swift in Sources */,
				F2272E7C2B6193EB00DFD16B /* AlphabetButtonView.swift in Sources */,
				F2272E7E2B6193EB00DFD16B /* ContentView.swift in Sources */,
				F2272E812B6193EB00DFD16B /* GameManager.swift in Sources */,
				F2B8C6AC2B61910C00254813 /* LionSpell3App.swift in Sources */,
				F2272E7B2B6193EB00DFD16B /* ActionButtonsView.swift in Sources */,
				F2272E782B6193EB00DFD16B /* TopHeaderView.swift in Sources */,
				F2272E802B6193EB00DFD16B /* Scramble.swift in Sources */,
				F2272E832B6193EB00DFD16B /* Colors.swift in Sources */,
				F2272E7F2B6193EB00DFD16B /* DiscoveredWordsView.swift in Sources */,
				F2272E822B6193EB00DFD16B /* Words.swift in Sources */,
				F2272E7D2B6193EB00DFD16B /* CurrentWordView.swift in Sources */,
				F2272E7A2B6193EB00DFD16B /* PointsView.swift in Sources */,
			);
			runOnlyForDeploymentPostprocessing = 0;
		};
		F2B8C6B42B61910E00254813 /* Sources */ = {
			isa = PBXSourcesBuildPhase;
			buildActionMask = 2147483647;
			files = (
				F2B8C6BD2B61910E00254813 /* LionSpell3Tests.swift in Sources */,
			);
			runOnlyForDeploymentPostprocessing = 0;
		};
		F2B8C6BE2B61910E00254813 /* Sources */ = {
			isa = PBXSourcesBuildPhase;
			buildActionMask = 2147483647;
			files = (
				F2B8C6C72B61910E00254813 /* LionSpell3UITests.swift in Sources */,
				F2B8C6C92B61910E00254813 /* LionSpell3UITestsLaunchTests.swift in Sources */,
			);
			runOnlyForDeploymentPostprocessing = 0;
		};
/* End PBXSourcesBuildPhase section */

/* Begin PBXTargetDependency section */
		F2B8C6BA2B61910E00254813 /* PBXTargetDependency */ = {
			isa = PBXTargetDependency;
			target = F2B8C6A72B61910C00254813 /* LionSpell3 */;
			targetProxy = F2B8C6B92B61910E00254813 /* PBXContainerItemProxy */;
		};
		F2B8C6C42B61910E00254813 /* PBXTargetDependency */ = {
			isa = PBXTargetDependency;
			target = F2B8C6A72B61910C00254813 /* LionSpell3 */;
			targetProxy = F2B8C6C32B61910E00254813 /* PBXContainerItemProxy */;
		};
/* End PBXTargetDependency section */

/* Begin XCBuildConfiguration section */
		F2B8C6CA2B61910E00254813 /* Debug */ = {
			isa = XCBuildConfiguration;
			buildSettings = {
				ALWAYS_SEARCH_USER_PATHS = NO;
				ASSETCATALOG_COMPILER_GENERATE_SWIFT_ASSET_SYMBOL_EXTENSIONS = YES;
				CLANG_ANALYZER_NONNULL = YES;
				CLANG_ANALYZER_NUMBER_OBJECT_CONVERSION = YES_AGGRESSIVE;
				CLANG_CXX_LANGUAGE_STANDARD = "gnu++20";
				CLANG_ENABLE_MODULES = YES;
				CLANG_ENABLE_OBJC_ARC = YES;
				CLANG_ENABLE_OBJC_WEAK = YES;
				CLANG_WARN_BLOCK_CAPTURE_AUTORELEASING = YES;
				CLANG_WARN_BOOL_CONVERSION = YES;
				CLANG_WARN_COMMA = YES;
				CLANG_WARN_CONSTANT_CONVERSION = YES;
				CLANG_WARN_DEPRECATED_OBJC_IMPLEMENTATIONS = YES;
				CLANG_WARN_DIRECT_OBJC_ISA_USAGE = YES_ERROR;
				CLANG_WARN_DOCUMENTATION_COMMENTS = YES;
				CLANG_WARN_EMPTY_BODY = YES;
				CLANG_WARN_ENUM_CONVERSION = YES;
				CLANG_WARN_INFINITE_RECURSION = YES;
				CLANG_WARN_INT_CONVERSION = YES;
				CLANG_WARN_NON_LITERAL_NULL_CONVERSION = YES;
				CLANG_WARN_OBJC_IMPLICIT_RETAIN_SELF = YES;
				CLANG_WARN_OBJC_LITERAL_CONVERSION = YES;
				CLANG_WARN_OBJC_ROOT_CLASS = YES_ERROR;
				CLANG_WARN_QUOTED_INCLUDE_IN_FRAMEWORK_HEADER = YES;
				CLANG_WARN_RANGE_LOOP_ANALYSIS = YES;
				CLANG_WARN_STRICT_PROTOTYPES = YES;
				CLANG_WARN_SUSPICIOUS_MOVE = YES;
				CLANG_WARN_UNGUARDED_AVAILABILITY = YES_AGGRESSIVE;
				CLANG_WARN_UNREACHABLE_CODE = YES;
				CLANG_WARN__DUPLICATE_METHOD_MATCH = YES;
				COPY_PHASE_STRIP = NO;
				DEBUG_INFORMATION_FORMAT = dwarf;
				ENABLE_STRICT_OBJC_MSGSEND = YES;
				ENABLE_TESTABILITY = YES;
				ENABLE_USER_SCRIPT_SANDBOXING = YES;
				GCC_C_LANGUAGE_STANDARD = gnu17;
				GCC_DYNAMIC_NO_PIC = NO;
				GCC_NO_COMMON_BLOCKS = YES;
				GCC_OPTIMIZATION_LEVEL = 0;
				GCC_PREPROCESSOR_DEFINITIONS = (
					"DEBUG=1",
					"$(inherited)",
				);
				GCC_WARN_64_TO_32_BIT_CONVERSION = YES;
				GCC_WARN_ABOUT_RETURN_TYPE = YES_ERROR;
				GCC_WARN_UNDECLARED_SELECTOR = YES;
				GCC_WARN_UNINITIALIZED_AUTOS = YES_AGGRESSIVE;
				GCC_WARN_UNUSED_FUNCTION = YES;
				GCC_WARN_UNUSED_VARIABLE = YES;
				IPHONEOS_DEPLOYMENT_TARGET = 17.2;
				LOCALIZATION_PREFERS_STRING_CATALOGS = YES;
				MTL_ENABLE_DEBUG_INFO = INCLUDE_SOURCE;
				MTL_FAST_MATH = YES;
				ONLY_ACTIVE_ARCH = YES;
				SDKROOT = iphoneos;
				SWIFT_ACTIVE_COMPILATION_CONDITIONS = "DEBUG $(inherited)";
				SWIFT_OPTIMIZATION_LEVEL = "-Onone";
			};
			name = Debug;
		};
		F2B8C6CB2B61910E00254813 /* Release */ = {
			isa = XCBuildConfiguration;
			buildSettings = {
				ALWAYS_SEARCH_USER_PATHS = NO;
				ASSETCATALOG_COMPILER_GENERATE_SWIFT_ASSET_SYMBOL_EXTENSIONS = YES;
				CLANG_ANALYZER_NONNULL = YES;
				CLANG_ANALYZER_NUMBER_OBJECT_CONVERSION = YES_AGGRESSIVE;
				CLANG_CXX_LANGUAGE_STANDARD = "gnu++20";
				CLANG_ENABLE_MODULES = YES;
				CLANG_ENABLE_OBJC_ARC = YES;
				CLANG_ENABLE_OBJC_WEAK = YES;
				CLANG_WARN_BLOCK_CAPTURE_AUTORELEASING = YES;
				CLANG_WARN_BOOL_CONVERSION = YES;
				CLANG_WARN_COMMA = YES;
				CLANG_WARN_CONSTANT_CONVERSION = YES;
				CLANG_WARN_DEPRECATED_OBJC_IMPLEMENTATIONS = YES;
				CLANG_WARN_DIRECT_OBJC_ISA_USAGE = YES_ERROR;
				CLANG_WARN_DOCUMENTATION_COMMENTS = YES;
				CLANG_WARN_EMPTY_BODY = YES;
				CLANG_WARN_ENUM_CONVERSION = YES;
				CLANG_WARN_INFINITE_RECURSION = YES;
				CLANG_WARN_INT_CONVERSION = YES;
				CLANG_WARN_NON_LITERAL_NULL_CONVERSION = YES;
				CLANG_WARN_OBJC_IMPLICIT_RETAIN_SELF = YES;
				CLANG_WARN_OBJC_LITERAL_CONVERSION = YES;
				CLANG_WARN_OBJC_ROOT_CLASS = YES_ERROR;
				CLANG_WARN_QUOTED_INCLUDE_IN_FRAMEWORK_HEADER = YES;
				CLANG_WARN_RANGE_LOOP_ANALYSIS = YES;
				CLANG_WARN_STRICT_PROTOTYPES = YES;
				CLANG_WARN_SUSPICIOUS_MOVE = YES;
				CLANG_WARN_UNGUARDED_AVAILABILITY = YES_AGGRESSIVE;
				CLANG_WARN_UNREACHABLE_CODE = YES;
				CLANG_WARN__DUPLICATE_METHOD_MATCH = YES;
				COPY_PHASE_STRIP = NO;
				DEBUG_INFORMATION_FORMAT = "dwarf-with-dsym";
				ENABLE_NS_ASSERTIONS = NO;
				ENABLE_STRICT_OBJC_MSGSEND = YES;
				ENABLE_USER_SCRIPT_SANDBOXING = YES;
				GCC_C_LANGUAGE_STANDARD = gnu17;
				GCC_NO_COMMON_BLOCKS = YES;
				GCC_WARN_64_TO_32_BIT_CONVERSION = YES;
				GCC_WARN_ABOUT_RETURN_TYPE = YES_ERROR;
				GCC_WARN_UNDECLARED_SELECTOR = YES;
				GCC_WARN_UNINITIALIZED_AUTOS = YES_AGGRESSIVE;
				GCC_WARN_UNUSED_FUNCTION = YES;
				GCC_WARN_UNUSED_VARIABLE = YES;
				IPHONEOS_DEPLOYMENT_TARGET = 17.2;
				LOCALIZATION_PREFERS_STRING_CATALOGS = YES;
				MTL_ENABLE_DEBUG_INFO = NO;
				MTL_FAST_MATH = YES;
				SDKROOT = iphoneos;
				SWIFT_COMPILATION_MODE = wholemodule;
				VALIDATE_PRODUCT = YES;
			};
			name = Release;
		};
		F2B8C6CD2B61910E00254813 /* Debug */ = {
			isa = XCBuildConfiguration;
			buildSettings = {
				ASSETCATALOG_COMPILER_APPICON_NAME = AppIcon;
				ASSETCATALOG_COMPILER_GLOBAL_ACCENT_COLOR_NAME = AccentColor;
				CODE_SIGN_STYLE = Automatic;
				CURRENT_PROJECT_VERSION = 1;
				DEVELOPMENT_ASSET_PATHS = "\"LionSpell3/Preview Content\"";
				ENABLE_PREVIEWS = YES;
				GENERATE_INFOPLIST_FILE = YES;
				INFOPLIST_KEY_UIApplicationSceneManifest_Generation = YES;
				INFOPLIST_KEY_UIApplicationSupportsIndirectInputEvents = YES;
				INFOPLIST_KEY_UILaunchScreen_Generation = YES;
				INFOPLIST_KEY_UISupportedInterfaceOrientations_iPad = "UIInterfaceOrientationPortrait UIInterfaceOrientationPortraitUpsideDown UIInterfaceOrientationLandscapeLeft UIInterfaceOrientationLandscapeRight";
				INFOPLIST_KEY_UISupportedInterfaceOrientations_iPhone = "UIInterfaceOrientationPortrait UIInterfaceOrientationLandscapeLeft UIInterfaceOrientationLandscapeRight";
				LD_RUNPATH_SEARCH_PATHS = (
					"$(inherited)",
					"@executable_path/Frameworks",
				);
				MARKETING_VERSION = 1.0;
				PRODUCT_BUNDLE_IDENTIFIER = CmpSc475.LionSpell3;
				PRODUCT_NAME = "$(TARGET_NAME)";
				SWIFT_EMIT_LOC_STRINGS = YES;
				SWIFT_VERSION = 5.0;
				TARGETED_DEVICE_FAMILY = "1,2";
			};
			name = Debug;
		};
		F2B8C6CE2B61910E00254813 /* Release */ = {
			isa = XCBuildConfiguration;
			buildSettings = {
				ASSETCATALOG_COMPILER_APPICON_NAME = AppIcon;
				ASSETCATALOG_COMPILER_GLOBAL_ACCENT_COLOR_NAME = AccentColor;
				CODE_SIGN_STYLE = Automatic;
				CURRENT_PROJECT_VERSION = 1;
				DEVELOPMENT_ASSET_PATHS = "\"LionSpell3/Preview Content\"";
				ENABLE_PREVIEWS = YES;
				GENERATE_INFOPLIST_FILE = YES;
				INFOPLIST_KEY_UIApplicationSceneManifest_Generation = YES;
				INFOPLIST_KEY_UIApplicationSupportsIndirectInputEvents = YES;
				INFOPLIST_KEY_UILaunchScreen_Generation = YES;
				INFOPLIST_KEY_UISupportedInterfaceOrientations_iPad = "UIInterfaceOrientationPortrait UIInterfaceOrientationPortraitUpsideDown UIInterfaceOrientationLandscapeLeft UIInterfaceOrientationLandscapeRight";
				INFOPLIST_KEY_UISupportedInterfaceOrientations_iPhone = "UIInterfaceOrientationPortrait UIInterfaceOrientationLandscapeLeft UIInterfaceOrientationLandscapeRight";
				LD_RUNPATH_SEARCH_PATHS = (
					"$(inherited)",
					"@executable_path/Frameworks",
				);
				MARKETING_VERSION = 1.0;
				PRODUCT_BUNDLE_IDENTIFIER = CmpSc475.LionSpell3;
				PRODUCT_NAME = "$(TARGET_NAME)";
				SWIFT_EMIT_LOC_STRINGS = YES;
				SWIFT_VERSION = 5.0;
				TARGETED_DEVICE_FAMILY = "1,2";
			};
			name = Release;
		};
		F2B8C6D02B61910E00254813 /* Debug */ = {
			isa = XCBuildConfiguration;
			buildSettings = {
				ALWAYS_EMBED_SWIFT_STANDARD_LIBRARIES = YES;
				BUNDLE_LOADER = "$(TEST_HOST)";
				CODE_SIGN_STYLE = Automatic;
				CURRENT_PROJECT_VERSION = 1;
				GENERATE_INFOPLIST_FILE = YES;
				IPHONEOS_DEPLOYMENT_TARGET = 17.2;
				MARKETING_VERSION = 1.0;
				PRODUCT_BUNDLE_IDENTIFIER = CmpSc475.LionSpell3Tests;
				PRODUCT_NAME = "$(TARGET_NAME)";
				SWIFT_EMIT_LOC_STRINGS = NO;
				SWIFT_VERSION = 5.0;
				TARGETED_DEVICE_FAMILY = "1,2";
				TEST_HOST = "$(BUILT_PRODUCTS_DIR)/LionSpell3.app/$(BUNDLE_EXECUTABLE_FOLDER_PATH)/LionSpell3";
			};
			name = Debug;
		};
		F2B8C6D12B61910E00254813 /* Release */ = {
			isa = XCBuildConfiguration;
			buildSettings = {
				ALWAYS_EMBED_SWIFT_STANDARD_LIBRARIES = YES;
				BUNDLE_LOADER = "$(TEST_HOST)";
				CODE_SIGN_STYLE = Automatic;
				CURRENT_PROJECT_VERSION = 1;
				GENERATE_INFOPLIST_FILE = YES;
				IPHONEOS_DEPLOYMENT_TARGET = 17.2;
				MARKETING_VERSION = 1.0;
				PRODUCT_BUNDLE_IDENTIFIER = CmpSc475.LionSpell3Tests;
				PRODUCT_NAME = "$(TARGET_NAME)";
				SWIFT_EMIT_LOC_STRINGS = NO;
				SWIFT_VERSION = 5.0;
				TARGETED_DEVICE_FAMILY = "1,2";
				TEST_HOST = "$(BUILT_PRODUCTS_DIR)/LionSpell3.app/$(BUNDLE_EXECUTABLE_FOLDER_PATH)/LionSpell3";
			};
			name = Release;
		};
		F2B8C6D32B61910E00254813 /* Debug */ = {
			isa = XCBuildConfiguration;
			buildSettings = {
				ALWAYS_EMBED_SWIFT_STANDARD_LIBRARIES = YES;
				CODE_SIGN_STYLE = Automatic;
				CURRENT_PROJECT_VERSION = 1;
				GENERATE_INFOPLIST_FILE = YES;
				MARKETING_VERSION = 1.0;
				PRODUCT_BUNDLE_IDENTIFIER = CmpSc475.LionSpell3UITests;
				PRODUCT_NAME = "$(TARGET_NAME)";
				SWIFT_EMIT_LOC_STRINGS = NO;
				SWIFT_VERSION = 5.0;
				TARGETED_DEVICE_FAMILY = "1,2";
				TEST_TARGET_NAME = LionSpell3;
			};
			name = Debug;
		};
		F2B8C6D42B61910E00254813 /* Release */ = {
			isa = XCBuildConfiguration;
			buildSettings = {
				ALWAYS_EMBED_SWIFT_STANDARD_LIBRARIES = YES;
				CODE_SIGN_STYLE = Automatic;
				CURRENT_PROJECT_VERSION = 1;
				GENERATE_INFOPLIST_FILE = YES;
				MARKETING_VERSION = 1.0;
				PRODUCT_BUNDLE_IDENTIFIER = CmpSc475.LionSpell3UITests;
				PRODUCT_NAME = "$(TARGET_NAME)";
				SWIFT_EMIT_LOC_STRINGS = NO;
				SWIFT_VERSION = 5.0;
				TARGETED_DEVICE_FAMILY = "1,2";
				TEST_TARGET_NAME = LionSpell3;
			};
			name = Release;
		};
/* End XCBuildConfiguration section */

/* Begin XCConfigurationList section */
		F2B8C6A32B61910C00254813 /* Build configuration list for PBXProject "LionSpell3" */ = {
			isa = XCConfigurationList;
			buildConfigurations = (
				F2B8C6CA2B61910E00254813 /* Debug */,
				F2B8C6CB2B61910E00254813 /* Release */,
			);
			defaultConfigurationIsVisible = 0;
			defaultConfigurationName = Release;
		};
		F2B8C6CC2B61910E00254813 /* Build configuration list for PBXNativeTarget "LionSpell3" */ = {
			isa = XCConfigurationList;
			buildConfigurations = (
				F2B8C6CD2B61910E00254813 /* Debug */,
				F2B8C6CE2B61910E00254813 /* Release */,
			);
			defaultConfigurationIsVisible = 0;
			defaultConfigurationName = Release;
		};
		F2B8C6CF2B61910E00254813 /* Build configuration list for PBXNativeTarget "LionSpell3Tests" */ = {
			isa = XCConfigurationList;
			buildConfigurations = (
				F2B8C6D02B61910E00254813 /* Debug */,
				F2B8C6D12B61910E00254813 /* Release */,
			);
			defaultConfigurationIsVisible = 0;
			defaultConfigurationName = Release;
		};
		F2B8C6D22B61910E00254813 /* Build configuration list for PBXNativeTarget "LionSpell3UITests" */ = {
			isa = XCConfigurationList;
			buildConfigurations = (
				F2B8C6D32B61910E00254813 /* Debug */,
				F2B8C6D42B61910E00254813 /* Release */,
			);
			defaultConfigurationIsVisible = 0;
			defaultConfigurationName = Release;
		};
/* End XCConfigurationList section */
	};
	rootObject = F2B8C6A02B61910C00254813 /* Project object */;
}
