// !$*UTF8*$!
{
	archiveVersion = 1;
	classes = {
	};
	objectVersion = 56;
	objects = {

/* Begin PBXBuildFile section */
		F2A1FA0C2B5F678700149262 /* LionSpell1App.swift in Sources */ = {isa = PBXBuildFile; fileRef = F2A1FA0B2B5F678700149262 /* LionSpell1App.swift */; };
		F2A1FA0E2B5F678700149262 /* ContentView.swift in Sources */ = {isa = PBXBuildFile; fileRef = F2A1FA0D2B5F678700149262 /* ContentView.swift */; };
		F2A1FA102B5F678800149262 /* Assets.xcassets in Resources */ = {isa = PBXBuildFile; fileRef = F2A1FA0F2B5F678800149262 /* Assets.xcassets */; };
		F2A1FA132B5F678800149262 /* Preview Assets.xcassets in Resources */ = {isa = PBXBuildFile; fileRef = F2A1FA122B5F678800149262 /* Preview Assets.xcassets */; };
		F2A1FA1D2B5F678800149262 /* LionSpell1Tests.swift in Sources */ = {isa = PBXBuildFile; fileRef = F2A1FA1C2B5F678800149262 /* LionSpell1Tests.swift */; };
		F2A1FA272B5F678800149262 /* LionSpell1UITests.swift in Sources */ = {isa = PBXBuildFile; fileRef = F2A1FA262B5F678800149262 /* LionSpell1UITests.swift */; };
		F2A1FA292B5F678800149262 /* LionSpell1UITestsLaunchTests.swift in Sources */ = {isa = PBXBuildFile; fileRef = F2A1FA282B5F678800149262 /* LionSpell1UITestsLaunchTests.swift */; };
/* End PBXBuildFile section */

/* Begin PBXContainerItemProxy section */
		F2A1FA192B5F678800149262 /* PBXContainerItemProxy */ = {
			isa = PBXContainerItemProxy;
			containerPortal = F2A1FA002B5F678700149262 /* Project object */;
			proxyType = 1;
			remoteGlobalIDString = F2A1FA072B5F678700149262;
			remoteInfo = LionSpell1;
		};
		F2A1FA232B5F678800149262 /* PBXContainerItemProxy */ = {
			isa = PBXContainerItemProxy;
			containerPortal = F2A1FA002B5F678700149262 /* Project object */;
			proxyType = 1;
			remoteGlobalIDString = F2A1FA072B5F678700149262;
			remoteInfo = LionSpell1;
		};
/* End PBXContainerItemProxy section */

/* Begin PBXFileReference section */
		F2A1FA082B5F678700149262 /* LionSpell1.app */ = {isa = PBXFileReference; explicitFileType = wrapper.application; includeInIndex = 0; path = LionSpell1.app; sourceTree = BUILT_PRODUCTS_DIR; };
		F2A1FA0B2B5F678700149262 /* LionSpell1App.swift */ = {isa = PBXFileReference; lastKnownFileType = sourcecode.swift; path = LionSpell1App.swift; sourceTree = "<group>"; };
		F2A1FA0D2B5F678700149262 /* ContentView.swift */ = {isa = PBXFileReference; lastKnownFileType = sourcecode.swift; path = ContentView.swift; sourceTree = "<group>"; };
		F2A1FA0F2B5F678800149262 /* Assets.xcassets */ = {isa = PBXFileReference; lastKnownFileType = folder.assetcatalog; path = Assets.xcassets; sourceTree = "<group>"; };
		F2A1FA122B5F678800149262 /* Preview Assets.xcassets */ = {isa = PBXFileReference; lastKnownFileType = folder.assetcatalog; path = "Preview Assets.xcassets"; sourceTree = "<group>"; };
		F2A1FA182B5F678800149262 /* LionSpell1Tests.xctest */ = {isa = PBXFileReference; explicitFileType = wrapper.cfbundle; includeInIndex = 0; path = LionSpell1Tests.xctest; sourceTree = BUILT_PRODUCTS_DIR; };
		F2A1FA1C2B5F678800149262 /* LionSpell1Tests.swift */ = {isa = PBXFileReference; lastKnownFileType = sourcecode.swift; path = LionSpell1Tests.swift; sourceTree = "<group>"; };
		F2A1FA222B5F678800149262 /* LionSpell1UITests.xctest */ = {isa = PBXFileReference; explicitFileType = wrapper.cfbundle; includeInIndex = 0; path = LionSpell1UITests.xctest; sourceTree = BUILT_PRODUCTS_DIR; };
		F2A1FA262B5F678800149262 /* LionSpell1UITests.swift */ = {isa = PBXFileReference; lastKnownFileType = sourcecode.swift; path = LionSpell1UITests.swift; sourceTree = "<group>"; };
		F2A1FA282B5F678800149262 /* LionSpell1UITestsLaunchTests.swift */ = {isa = PBXFileReference; lastKnownFileType = sourcecode.swift; path = LionSpell1UITestsLaunchTests.swift; sourceTree = "<group>"; };
/* End PBXFileReference section */

/* Begin PBXFrameworksBuildPhase section */
		F2A1FA052B5F678700149262 /* Frameworks */ = {
			isa = PBXFrameworksBuildPhase;
			buildActionMask = 2147483647;
			files = (
			);
			runOnlyForDeploymentPostprocessing = 0;
		};
		F2A1FA152B5F678800149262 /* Frameworks */ = {
			isa = PBXFrameworksBuildPhase;
			buildActionMask = 2147483647;
			files = (
			);
			runOnlyForDeploymentPostprocessing = 0;
		};
		F2A1FA1F2B5F678800149262 /* Frameworks */ = {
			isa = PBXFrameworksBuildPhase;
			buildActionMask = 2147483647;
			files = (
			);
			runOnlyForDeploymentPostprocessing = 0;
		};
/* End PBXFrameworksBuildPhase section */

/* Begin PBXGroup section */
		F2A1F9FF2B5F678700149262 = {
			isa = PBXGroup;
			children = (
				F2A1FA0A2B5F678700149262 /* LionSpell1 */,
				F2A1FA1B2B5F678800149262 /* LionSpell1Tests */,
				F2A1FA252B5F678800149262 /* LionSpell1UITests */,
				F2A1FA092B5F678700149262 /* Products */,
			);
			sourceTree = "<group>";
		};
		F2A1FA092B5F678700149262 /* Products */ = {
			isa = PBXGroup;
			children = (
				F2A1FA082B5F678700149262 /* LionSpell1.app */,
				F2A1FA182B5F678800149262 /* LionSpell1Tests.xctest */,
				F2A1FA222B5F678800149262 /* LionSpell1UITests.xctest */,
			);
			name = Products;
			sourceTree = "<group>";
		};
		F2A1FA0A2B5F678700149262 /* LionSpell1 */ = {
			isa = PBXGroup;
			children = (
				F2A1FA0B2B5F678700149262 /* LionSpell1App.swift */,
				F2A1FA0D2B5F678700149262 /* ContentView.swift */,
				F2A1FA0F2B5F678800149262 /* Assets.xcassets */,
				F2A1FA112B5F678800149262 /* Preview Content */,
			);
			path = LionSpell1;
			sourceTree = "<group>";
		};
		F2A1FA112B5F678800149262 /* Preview Content */ = {
			isa = PBXGroup;
			children = (
				F2A1FA122B5F678800149262 /* Preview Assets.xcassets */,
			);
			path = "Preview Content";
			sourceTree = "<group>";
		};
		F2A1FA1B2B5F678800149262 /* LionSpell1Tests */ = {
			isa = PBXGroup;
			children = (
				F2A1FA1C2B5F678800149262 /* LionSpell1Tests.swift */,
			);
			path = LionSpell1Tests;
			sourceTree = "<group>";
		};
		F2A1FA252B5F678800149262 /* LionSpell1UITests */ = {
			isa = PBXGroup;
			children = (
				F2A1FA262B5F678800149262 /* LionSpell1UITests.swift */,
				F2A1FA282B5F678800149262 /* LionSpell1UITestsLaunchTests.swift */,
			);
			path = LionSpell1UITests;
			sourceTree = "<group>";
		};
/* End PBXGroup section */

/* Begin PBXNativeTarget section */
		F2A1FA072B5F678700149262 /* LionSpell1 */ = {
			isa = PBXNativeTarget;
			buildConfigurationList = F2A1FA2C2B5F678800149262 /* Build configuration list for PBXNativeTarget "LionSpell1" */;
			buildPhases = (
				F2A1FA042B5F678700149262 /* Sources */,
				F2A1FA052B5F678700149262 /* Frameworks */,
				F2A1FA062B5F678700149262 /* Resources */,
			);
			buildRules = (
			);
			dependencies = (
			);
			name = LionSpell1;
			productName = LionSpell1;
			productReference = F2A1FA082B5F678700149262 /* LionSpell1.app */;
			productType = "com.apple.product-type.application";
		};
		F2A1FA172B5F678800149262 /* LionSpell1Tests */ = {
			isa = PBXNativeTarget;
			buildConfigurationList = F2A1FA2F2B5F678800149262 /* Build configuration list for PBXNativeTarget "LionSpell1Tests" */;
			buildPhases = (
				F2A1FA142B5F678800149262 /* Sources */,
				F2A1FA152B5F678800149262 /* Frameworks */,
				F2A1FA162B5F678800149262 /* Resources */,
			);
			buildRules = (
			);
			dependencies = (
				F2A1FA1A2B5F678800149262 /* PBXTargetDependency */,
			);
			name = LionSpell1Tests;
			productName = LionSpell1Tests;
			productReference = F2A1FA182B5F678800149262 /* LionSpell1Tests.xctest */;
			productType = "com.apple.product-type.bundle.unit-test";
		};
		F2A1FA212B5F678800149262 /* LionSpell1UITests */ = {
			isa = PBXNativeTarget;
			buildConfigurationList = F2A1FA322B5F678800149262 /* Build configuration list for PBXNativeTarget "LionSpell1UITests" */;
			buildPhases = (
				F2A1FA1E2B5F678800149262 /* Sources */,
				F2A1FA1F2B5F678800149262 /* Frameworks */,
				F2A1FA202B5F678800149262 /* Resources */,
			);
			buildRules = (
			);
			dependencies = (
				F2A1FA242B5F678800149262 /* PBXTargetDependency */,
			);
			name = LionSpell1UITests;
			productName = LionSpell1UITests;
			productReference = F2A1FA222B5F678800149262 /* LionSpell1UITests.xctest */;
			productType = "com.apple.product-type.bundle.ui-testing";
		};
/* End PBXNativeTarget section */

/* Begin PBXProject section */
		F2A1FA002B5F678700149262 /* Project object */ = {
			isa = PBXProject;
			attributes = {
				BuildIndependentTargetsInParallel = 1;
				LastSwiftUpdateCheck = 1520;
				LastUpgradeCheck = 1520;
				TargetAttributes = {
					F2A1FA072B5F678700149262 = {
						CreatedOnToolsVersion = 15.2;
					};
					F2A1FA172B5F678800149262 = {
						CreatedOnToolsVersion = 15.2;
						TestTargetID = F2A1FA072B5F678700149262;
					};
					F2A1FA212B5F678800149262 = {
						CreatedOnToolsVersion = 15.2;
						TestTargetID = F2A1FA072B5F678700149262;
					};
				};
			};
			buildConfigurationList = F2A1FA032B5F678700149262 /* Build configuration list for PBXProject "LionSpell1" */;
			compatibilityVersion = "Xcode 14.0";
			developmentRegion = en;
			hasScannedForEncodings = 0;
			knownRegions = (
				en,
				Base,
			);
			mainGroup = F2A1F9FF2B5F678700149262;
			productRefGroup = F2A1FA092B5F678700149262 /* Products */;
			projectDirPath = "";
			projectRoot = "";
			targets = (
				F2A1FA072B5F678700149262 /* LionSpell1 */,
				F2A1FA172B5F678800149262 /* LionSpell1Tests */,
				F2A1FA212B5F678800149262 /* LionSpell1UITests */,
			);
		};
/* End PBXProject section */

/* Begin PBXResourcesBuildPhase section */
		F2A1FA062B5F678700149262 /* Resources */ = {
			isa = PBXResourcesBuildPhase;
			buildActionMask = 2147483647;
			files = (
				F2A1FA132B5F678800149262 /* Preview Assets.xcassets in Resources */,
				F2A1FA102B5F678800149262 /* Assets.xcassets in Resources */,
			);
			runOnlyForDeploymentPostprocessing = 0;
		};
		F2A1FA162B5F678800149262 /* Resources */ = {
			isa = PBXResourcesBuildPhase;
			buildActionMask = 2147483647;
			files = (
			);
			runOnlyForDeploymentPostprocessing = 0;
		};
		F2A1FA202B5F678800149262 /* Resources */ = {
			isa = PBXResourcesBuildPhase;
			buildActionMask = 2147483647;
			files = (
			);
			runOnlyForDeploymentPostprocessing = 0;
		};
/* End PBXResourcesBuildPhase section */

/* Begin PBXSourcesBuildPhase section */
		F2A1FA042B5F678700149262 /* Sources */ = {
			isa = PBXSourcesBuildPhase;
			buildActionMask = 2147483647;
			files = (
				F2A1FA0E2B5F678700149262 /* ContentView.swift in Sources */,
				F2A1FA0C2B5F678700149262 /* LionSpell1App.swift in Sources */,
			);
			runOnlyForDeploymentPostprocessing = 0;
		};
		F2A1FA142B5F678800149262 /* Sources */ = {
			isa = PBXSourcesBuildPhase;
			buildActionMask = 2147483647;
			files = (
				F2A1FA1D2B5F678800149262 /* LionSpell1Tests.swift in Sources */,
			);
			runOnlyForDeploymentPostprocessing = 0;
		};
		F2A1FA1E2B5F678800149262 /* Sources */ = {
			isa = PBXSourcesBuildPhase;
			buildActionMask = 2147483647;
			files = (
				F2A1FA272B5F678800149262 /* LionSpell1UITests.swift in Sources */,
				F2A1FA292B5F678800149262 /* LionSpell1UITestsLaunchTests.swift in Sources */,
			);
			runOnlyForDeploymentPostprocessing = 0;
		};
/* End PBXSourcesBuildPhase section */

/* Begin PBXTargetDependency section */
		F2A1FA1A2B5F678800149262 /* PBXTargetDependency */ = {
			isa = PBXTargetDependency;
			target = F2A1FA072B5F678700149262 /* LionSpell1 */;
			targetProxy = F2A1FA192B5F678800149262 /* PBXContainerItemProxy */;
		};
		F2A1FA242B5F678800149262 /* PBXTargetDependency */ = {
			isa = PBXTargetDependency;
			target = F2A1FA072B5F678700149262 /* LionSpell1 */;
			targetProxy = F2A1FA232B5F678800149262 /* PBXContainerItemProxy */;
		};
/* End PBXTargetDependency section */

/* Begin XCBuildConfiguration section */
		F2A1FA2A2B5F678800149262 /* Debug */ = {
			isa = XCBuildConfiguration;
			buildSettings = {
				ALWAYS_SEARCH_USER_PATHS = NO;
				ASSETCATALOG_COMPILER_GENERATE_SWIFT_ASSET_SYMBOL_EXTENSIONS = YES;
				CLANG_ANALYZER_NONNULL = YES;
				CLANG_ANALYZER_NUMBER_OBJECT_CONVERSION = YES_AGGRESSIVE;
				CLANG_CXX_LANGUAGE_STANDARD = "gnu++20";
				CLANG_ENABLE_MODULES = YES;
				CLANG_ENABLE_OBJC_ARC = YES;
				CLANG_ENABLE_OBJC_WEAK = YES;
				CLANG_WARN_BLOCK_CAPTURE_AUTORELEASING = YES;
				CLANG_WARN_BOOL_CONVERSION = YES;
				CLANG_WARN_COMMA = YES;
				CLANG_WARN_CONSTANT_CONVERSION = YES;
				CLANG_WARN_DEPRECATED_OBJC_IMPLEMENTATIONS = YES;
				CLANG_WARN_DIRECT_OBJC_ISA_USAGE = YES_ERROR;
				CLANG_WARN_DOCUMENTATION_COMMENTS = YES;
				CLANG_WARN_EMPTY_BODY = YES;
				CLANG_WARN_ENUM_CONVERSION = YES;
				CLANG_WARN_INFINITE_RECURSION = YES;
				CLANG_WARN_INT_CONVERSION = YES;
				CLANG_WARN_NON_LITERAL_NULL_CONVERSION = YES;
				CLANG_WARN_OBJC_IMPLICIT_RETAIN_SELF = YES;
				CLANG_WARN_OBJC_LITERAL_CONVERSION = YES;
				CLANG_WARN_OBJC_ROOT_CLASS = YES_ERROR;
				CLANG_WARN_QUOTED_INCLUDE_IN_FRAMEWORK_HEADER = YES;
				CLANG_WARN_RANGE_LOOP_ANALYSIS = YES;
				CLANG_WARN_STRICT_PROTOTYPES = YES;
				CLANG_WARN_SUSPICIOUS_MOVE = YES;
				CLANG_WARN_UNGUARDED_AVAILABILITY = YES_AGGRESSIVE;
				CLANG_WARN_UNREACHABLE_CODE = YES;
				CLANG_WARN__DUPLICATE_METHOD_MATCH = YES;
				COPY_PHASE_STRIP = NO;
				DEBUG_INFORMATION_FORMAT = dwarf;
				ENABLE_STRICT_OBJC_MSGSEND = YES;
				ENABLE_TESTABILITY = YES;
				ENABLE_USER_SCRIPT_SANDBOXING = YES;
				GCC_C_LANGUAGE_STANDARD = gnu17;
				GCC_DYNAMIC_NO_PIC = NO;
				GCC_NO_COMMON_BLOCKS = YES;
				GCC_OPTIMIZATION_LEVEL = 0;
				GCC_PREPROCESSOR_DEFINITIONS = (
					"DEBUG=1",
					"$(inherited)",
				);
				GCC_WARN_64_TO_32_BIT_CONVERSION = YES;
				GCC_WARN_ABOUT_RETURN_TYPE = YES_ERROR;
				GCC_WARN_UNDECLARED_SELECTOR = YES;
				GCC_WARN_UNINITIALIZED_AUTOS = YES_AGGRESSIVE;
				GCC_WARN_UNUSED_FUNCTION = YES;
				GCC_WARN_UNUSED_VARIABLE = YES;
				IPHONEOS_DEPLOYMENT_TARGET = 17.2;
				LOCALIZATION_PREFERS_STRING_CATALOGS = YES;
				MTL_ENABLE_DEBUG_INFO = INCLUDE_SOURCE;
				MTL_FAST_MATH = YES;
				ONLY_ACTIVE_ARCH = YES;
				SDKROOT = iphoneos;
				SWIFT_ACTIVE_COMPILATION_CONDITIONS = "DEBUG $(inherited)";
				SWIFT_OPTIMIZATION_LEVEL = "-Onone";
			};
			name = Debug;
		};
		F2A1FA2B2B5F678800149262 /* Release */ = {
			isa = XCBuildConfiguration;
			buildSettings = {
				ALWAYS_SEARCH_USER_PATHS = NO;
				ASSETCATALOG_COMPILER_GENERATE_SWIFT_ASSET_SYMBOL_EXTENSIONS = YES;
				CLANG_ANALYZER_NONNULL = YES;
				CLANG_ANALYZER_NUMBER_OBJECT_CONVERSION = YES_AGGRESSIVE;
				CLANG_CXX_LANGUAGE_STANDARD = "gnu++20";
				CLANG_ENABLE_MODULES = YES;
				CLANG_ENABLE_OBJC_ARC = YES;
				CLANG_ENABLE_OBJC_WEAK = YES;
				CLANG_WARN_BLOCK_CAPTURE_AUTORELEASING = YES;
				CLANG_WARN_BOOL_CONVERSION = YES;
				CLANG_WARN_COMMA = YES;
				CLANG_WARN_CONSTANT_CONVERSION = YES;
				CLANG_WARN_DEPRECATED_OBJC_IMPLEMENTATIONS = YES;
				CLANG_WARN_DIRECT_OBJC_ISA_USAGE = YES_ERROR;
				CLANG_WARN_DOCUMENTATION_COMMENTS = YES;
				CLANG_WARN_EMPTY_BODY = YES;
				CLANG_WARN_ENUM_CONVERSION = YES;
				CLANG_WARN_INFINITE_RECURSION = YES;
				CLANG_WARN_INT_CONVERSION = YES;
				CLANG_WARN_NON_LITERAL_NULL_CONVERSION = YES;
				CLANG_WARN_OBJC_IMPLICIT_RETAIN_SELF = YES;
				CLANG_WARN_OBJC_LITERAL_CONVERSION = YES;
				CLANG_WARN_OBJC_ROOT_CLASS = YES_ERROR;
				CLANG_WARN_QUOTED_INCLUDE_IN_FRAMEWORK_HEADER = YES;
				CLANG_WARN_RANGE_LOOP_ANALYSIS = YES;
				CLANG_WARN_STRICT_PROTOTYPES = YES;
				CLANG_WARN_SUSPICIOUS_MOVE = YES;
				CLANG_WARN_UNGUARDED_AVAILABILITY = YES_AGGRESSIVE;
				CLANG_WARN_UNREACHABLE_CODE = YES;
				CLANG_WARN__DUPLICATE_METHOD_MATCH = YES;
				COPY_PHASE_STRIP = NO;
				DEBUG_INFORMATION_FORMAT = "dwarf-with-dsym";
				ENABLE_NS_ASSERTIONS = NO;
				ENABLE_STRICT_OBJC_MSGSEND = YES;
				ENABLE_USER_SCRIPT_SANDBOXING = YES;
				GCC_C_LANGUAGE_STANDARD = gnu17;
				GCC_NO_COMMON_BLOCKS = YES;
				GCC_WARN_64_TO_32_BIT_CONVERSION = YES;
				GCC_WARN_ABOUT_RETURN_TYPE = YES_ERROR;
				GCC_WARN_UNDECLARED_SELECTOR = YES;
				GCC_WARN_UNINITIALIZED_AUTOS = YES_AGGRESSIVE;
				GCC_WARN_UNUSED_FUNCTION = YES;
				GCC_WARN_UNUSED_VARIABLE = YES;
				IPHONEOS_DEPLOYMENT_TARGET = 17.2;
				LOCALIZATION_PREFERS_STRING_CATALOGS = YES;
				MTL_ENABLE_DEBUG_INFO = NO;
				MTL_FAST_MATH = YES;
				SDKROOT = iphoneos;
				SWIFT_COMPILATION_MODE = wholemodule;
				VALIDATE_PRODUCT = YES;
			};
			name = Release;
		};
		F2A1FA2D2B5F678800149262 /* Debug */ = {
			isa = XCBuildConfiguration;
			buildSettings = {
				ASSETCATALOG_COMPILER_APPICON_NAME = AppIcon;
				ASSETCATALOG_COMPILER_GLOBAL_ACCENT_COLOR_NAME = AccentColor;
				CODE_SIGN_STYLE = Automatic;
				CURRENT_PROJECT_VERSION = 1;
				DEVELOPMENT_ASSET_PATHS = "\"LionSpell1/Preview Content\"";
				ENABLE_PREVIEWS = YES;
				GENERATE_INFOPLIST_FILE = YES;
				INFOPLIST_KEY_UIApplicationSceneManifest_Generation = YES;
				INFOPLIST_KEY_UIApplicationSupportsIndirectInputEvents = YES;
				INFOPLIST_KEY_UILaunchScreen_Generation = YES;
				INFOPLIST_KEY_UISupportedInterfaceOrientations_iPad = "UIInterfaceOrientationPortrait UIInterfaceOrientationPortraitUpsideDown UIInterfaceOrientationLandscapeLeft UIInterfaceOrientationLandscapeRight";
				INFOPLIST_KEY_UISupportedInterfaceOrientations_iPhone = "UIInterfaceOrientationPortrait UIInterfaceOrientationLandscapeLeft UIInterfaceOrientationLandscapeRight";
				LD_RUNPATH_SEARCH_PATHS = (
					"$(inherited)",
					"@executable_path/Frameworks",
				);
				MARKETING_VERSION = 1.0;
				PRODUCT_BUNDLE_IDENTIFIER = CmpSc475.LionSpell1;
				PRODUCT_NAME = "$(TARGET_NAME)";
				SWIFT_EMIT_LOC_STRINGS = YES;
				SWIFT_VERSION = 5.0;
				TARGETED_DEVICE_FAMILY = "1,2";
			};
			name = Debug;
		};
		F2A1FA2E2B5F678800149262 /* Release */ = {
			isa = XCBuildConfiguration;
			buildSettings = {
				ASSETCATALOG_COMPILER_APPICON_NAME = AppIcon;
				ASSETCATALOG_COMPILER_GLOBAL_ACCENT_COLOR_NAME = AccentColor;
				CODE_SIGN_STYLE = Automatic;
				CURRENT_PROJECT_VERSION = 1;
				DEVELOPMENT_ASSET_PATHS = "\"LionSpell1/Preview Content\"";
				ENABLE_PREVIEWS = YES;
				GENERATE_INFOPLIST_FILE = YES;
				INFOPLIST_KEY_UIApplicationSceneManifest_Generation = YES;
				INFOPLIST_KEY_UIApplicationSupportsIndirectInputEvents = YES;
				INFOPLIST_KEY_UILaunchScreen_Generation = YES;
				INFOPLIST_KEY_UISupportedInterfaceOrientations_iPad = "UIInterfaceOrientationPortrait UIInterfaceOrientationPortraitUpsideDown UIInterfaceOrientationLandscapeLeft UIInterfaceOrientationLandscapeRight";
				INFOPLIST_KEY_UISupportedInterfaceOrientations_iPhone = "UIInterfaceOrientationPortrait UIInterfaceOrientationLandscapeLeft UIInterfaceOrientationLandscapeRight";
				LD_RUNPATH_SEARCH_PATHS = (
					"$(inherited)",
					"@executable_path/Frameworks",
				);
				MARKETING_VERSION = 1.0;
				PRODUCT_BUNDLE_IDENTIFIER = CmpSc475.LionSpell1;
				PRODUCT_NAME = "$(TARGET_NAME)";
				SWIFT_EMIT_LOC_STRINGS = YES;
				SWIFT_VERSION = 5.0;
				TARGETED_DEVICE_FAMILY = "1,2";
			};
			name = Release;
		};
		F2A1FA302B5F678800149262 /* Debug */ = {
			isa = XCBuildConfiguration;
			buildSettings = {
				ALWAYS_EMBED_SWIFT_STANDARD_LIBRARIES = YES;
				BUNDLE_LOADER = "$(TEST_HOST)";
				CODE_SIGN_STYLE = Automatic;
				CURRENT_PROJECT_VERSION = 1;
				GENERATE_INFOPLIST_FILE = YES;
				IPHONEOS_DEPLOYMENT_TARGET = 17.2;
				MARKETING_VERSION = 1.0;
				PRODUCT_BUNDLE_IDENTIFIER = CmpSc475.LionSpell1Tests;
				PRODUCT_NAME = "$(TARGET_NAME)";
				SWIFT_EMIT_LOC_STRINGS = NO;
				SWIFT_VERSION = 5.0;
				TARGETED_DEVICE_FAMILY = "1,2";
				TEST_HOST = "$(BUILT_PRODUCTS_DIR)/LionSpell1.app/$(BUNDLE_EXECUTABLE_FOLDER_PATH)/LionSpell1";
			};
			name = Debug;
		};
		F2A1FA312B5F678800149262 /* Release */ = {
			isa = XCBuildConfiguration;
			buildSettings = {
				ALWAYS_EMBED_SWIFT_STANDARD_LIBRARIES = YES;
				BUNDLE_LOADER = "$(TEST_HOST)";
				CODE_SIGN_STYLE = Automatic;
				CURRENT_PROJECT_VERSION = 1;
				GENERATE_INFOPLIST_FILE = YES;
				IPHONEOS_DEPLOYMENT_TARGET = 17.2;
				MARKETING_VERSION = 1.0;
				PRODUCT_BUNDLE_IDENTIFIER = CmpSc475.LionSpell1Tests;
				PRODUCT_NAME = "$(TARGET_NAME)";
				SWIFT_EMIT_LOC_STRINGS = NO;
				SWIFT_VERSION = 5.0;
				TARGETED_DEVICE_FAMILY = "1,2";
				TEST_HOST = "$(BUILT_PRODUCTS_DIR)/LionSpell1.app/$(BUNDLE_EXECUTABLE_FOLDER_PATH)/LionSpell1";
			};
			name = Release;
		};
		F2A1FA332B5F678800149262 /* Debug */ = {
			isa = XCBuildConfiguration;
			buildSettings = {
				ALWAYS_EMBED_SWIFT_STANDARD_LIBRARIES = YES;
				CODE_SIGN_STYLE = Automatic;
				CURRENT_PROJECT_VERSION = 1;
				GENERATE_INFOPLIST_FILE = YES;
				MARKETING_VERSION = 1.0;
				PRODUCT_BUNDLE_IDENTIFIER = CmpSc475.LionSpell1UITests;
				PRODUCT_NAME = "$(TARGET_NAME)";
				SWIFT_EMIT_LOC_STRINGS = NO;
				SWIFT_VERSION = 5.0;
				TARGETED_DEVICE_FAMILY = "1,2";
				TEST_TARGET_NAME = LionSpell1;
			};
			name = Debug;
		};
		F2A1FA342B5F678800149262 /* Release */ = {
			isa = XCBuildConfiguration;
			buildSettings = {
				ALWAYS_EMBED_SWIFT_STANDARD_LIBRARIES = YES;
				CODE_SIGN_STYLE = Automatic;
				CURRENT_PROJECT_VERSION = 1;
				GENERATE_INFOPLIST_FILE = YES;
				MARKETING_VERSION = 1.0;
				PRODUCT_BUNDLE_IDENTIFIER = CmpSc475.LionSpell1UITests;
				PRODUCT_NAME = "$(TARGET_NAME)";
				SWIFT_EMIT_LOC_STRINGS = NO;
				SWIFT_VERSION = 5.0;
				TARGETED_DEVICE_FAMILY = "1,2";
				TEST_TARGET_NAME = LionSpell1;
			};
			name = Release;
		};
/* End XCBuildConfiguration section */

/* Begin XCConfigurationList section */
		F2A1FA032B5F678700149262 /* Build configuration list for PBXProject "LionSpell1" */ = {
			isa = XCConfigurationList;
			buildConfigurations = (
				F2A1FA2A2B5F678800149262 /* Debug */,
				F2A1FA2B2B5F678800149262 /* Release */,
			);
			defaultConfigurationIsVisible = 0;
			defaultConfigurationName = Release;
		};
		F2A1FA2C2B5F678800149262 /* Build configuration list for PBXNativeTarget "LionSpell1" */ = {
			isa = XCConfigurationList;
			buildConfigurations = (
				F2A1FA2D2B5F678800149262 /* Debug */,
				F2A1FA2E2B5F678800149262 /* Release */,
			);
			defaultConfigurationIsVisible = 0;
			defaultConfigurationName = Release;
		};
		F2A1FA2F2B5F678800149262 /* Build configuration list for PBXNativeTarget "LionSpell1Tests" */ = {
			isa = XCConfigurationList;
			buildConfigurations = (
				F2A1FA302B5F678800149262 /* Debug */,
				F2A1FA312B5F678800149262 /* Release */,
			);
			defaultConfigurationIsVisible = 0;
			defaultConfigurationName = Release;
		};
		F2A1FA322B5F678800149262 /* Build configuration list for PBXNativeTarget "LionSpell1UITests" */ = {
			isa = XCConfigurationList;
			buildConfigurations = (
				F2A1FA332B5F678800149262 /* Debug */,
				F2A1FA342B5F678800149262 /* Release */,
			);
			defaultConfigurationIsVisible = 0;
			defaultConfigurationName = Release;
		};
/* End XCConfigurationList section */
	};
	rootObject = F2A1FA002B5F678700149262 /* Project object */;
}
